PODS:
  - Alamofire (4.6.0)
  - AWSAuthCore (2.6.11):
    - AWSCore (= 2.6.11)
  - AWSAuthUI (2.6.11):
    - AWSAuthCore (= 2.6.11)
    - AWSCore (= 2.6.11)
  - AWSCognitoIdentityProvider (2.6.11):
    - AWSCognitoIdentityProviderASF (= 1.0.1)
    - AWSCore (= 2.6.11)
  - AWSCognitoIdentityProviderASF (1.0.1)
  - AWSCore (2.6.11)
  - AWSMobileClient (2.6.11):
    - AWSAuthCore (= 2.6.11)
  - AWSUserPoolsSignIn (2.6.11):
    - AWSAuthCore (= 2.6.11)
    - AWSCognitoIdentityProvider (= 2.6.11)
  - BRYSerialAnimationQueue (1.0.0)
  - Charts (3.0.5):
    - Charts/Core (= 3.0.5)
  - Charts/Core (3.0.5)
  - FLAnimatedImage (1.0.12)
  - GMStepper (2.1)
  - NYTPhotoViewer (1.1.0):
    - NYTPhotoViewer/AnimatedGifSupport (= 1.1.0)
    - NYTPhotoViewer/Core (= 1.1.0)
  - NYTPhotoViewer/AnimatedGifSupport (1.1.0):
    - FLAnimatedImage (~> 1.0.8)
    - NYTPhotoViewer/Core
  - NYTPhotoViewer/Core (1.1.0)
  - Realm (3.1.1):
    - Realm/Headers (= 3.1.1)
  - Realm/Headers (3.1.1)
  - RealmSwift (3.1.1):
    - Realm (= 3.1.1)
  - SSBouncyButton (1.0.7):
    - BRYSerialAnimationQueue (~> 1.0)
    - UIColor-Hex (~> 0.1)
    - UIImage+BetterAdditions (~> 2.0)
  - TORoundedTableView (0.1.3)
  - UICircularProgressRing (1.2.1)
  - UIColor-Hex (0.1.1)
  - UIImage+BetterAdditions (2.0.3)
  - VTAcknowledgementsViewController (1.2.1)

DEPENDENCIES:
  - Alamofire
  - AWSAuthUI
  - AWSMobileClient
  - AWSUserPoolsSignIn
  - Charts
  - GMStepper (~> 2.1)
  - NYTPhotoViewer (~> 1.1.0)
  - RealmSwift (~> 3.1.1)
  - SSBouncyButton (~> 1.0)
  - TORoundedTableView
  - UICircularProgressRing
  - VTAcknowledgementsViewController

SPEC CHECKSUMS:
  Alamofire: f41a599bd63041760b26d393ec1069d9d7b917f4
  AWSAuthCore: 400f64223dc7509bf2c2b320c25f03c9281e2aac
  AWSAuthUI: 6259cddd495ea178bd7da560453aef9e7909e0c1
  AWSCognitoIdentityProvider: 83b8a4dcdd83f54750ff6556f24757894c6e6062
  AWSCognitoIdentityProviderASF: f94f1a502e72ef3d0a1de93e10bf7a79c8698118
  AWSCore: a461695bf302a32a366768bf36056be3a2c87d8d
  AWSMobileClient: 6ba0612943c6dee6b7a5bdf288296c6a8dfffb13
  AWSUserPoolsSignIn: 97a1023f253b01400960ba869053a9a061a0c5e8
  BRYSerialAnimationQueue: 75feef56345338619a6c2111f2a81de28a59c368
  Charts: 45cdc985b764c838b35ee47eb1365d15735f6d1a
  FLAnimatedImage: 4a0b56255d9b05f18b6dd7ee06871be5d3b89e31
  GMStepper: 8994824040d57d952134e409b7724d05a1a41c18
  NYTPhotoViewer: e80e8767f3780d2df37c6f72cbab15d6c7232911
  Realm: 42d1c38a5b1bbcc828b48a7ce702cb86fc68adf4
  RealmSwift: d31937ca6a6ee54acde64ec839523c0a3c04924b
  SSBouncyButton: 90f6da63da6c6d32f9dab4928b80632b427d871a
  TORoundedTableView: cd1437ef81ab3888dea8c06d2dfe4795bcaac768
  UICircularProgressRing: 8eca1c123d323dcef59ba3ca86b81c8d7e751ae4
  UIColor-Hex: 77e80f383c6b3a63c5e95a9a4a7f4a71976e38a5
  UIImage+BetterAdditions: 185cbe06059747dd4a65562c1b0c560e761d030c
  VTAcknowledgementsViewController: e1de80f2c0ce31cc7e1c6f1c8aaeec2770371f09

PODFILE CHECKSUM: eb4a131ca3eb9ac9bd785840c3b8a6a5a506bb6c

COCOAPODS: 1.4.0
