{
    archiveVersion = 1;
    classes =     {
    };
    objectVersion = 46;
    objects =     {
        080BE7A55E0E63E0A69FA71E =         {
            buildActionMask = 2147483647;
            files =             (
            );
            inputPaths =             (
            );
            isa = PBXShellScriptBuildPhase;
            name = "Embed Pods Frameworks";
            outputPaths =             (
            );
            runOnlyForDeploymentPostprocessing = 0;
            shellPath = "/bin/sh";
            shellScript = "\"${SRCROOT}/Pods/Target Support Files/Pods/Pods-frameworks.sh\"\n";
            showEnvVarsInLog = 0;
        };
        1C713CB13EB7BA66AC808E54 =         {
            explicitFileType = "wrapper.framework";
            includeInIndex = 0;
            isa = PBXFileReference;
            path = "Pods.framework";
            sourceTree = "BUILT_PRODUCTS_DIR";
        };
        1F0296661C5C6E42008CA8C2 =         {
            isa = PBXFileReference;
            lastKnownFileType = "wrapper.xcdatamodel";
            path = "FRC_Advanced_Scouting_Telemetrics CD 2.xcdatamodel";
            sourceTree = "<group>";
        };
        1F0296691C5D5439008CA8C2 =         {
            isa = PBXFileReference;
            lastKnownFileType = "wrapper.xcdatamodel";
            path = "FRC_Advanced_Scouting_Telemetrics CD 3.xcdatamodel";
            sourceTree = "<group>";
        };
        1F12CF131C78FD370014200C =         {
            fileEncoding = 4;
            isa = PBXFileReference;
            lastKnownFileType = "sourcecode.swift";
            path = "CourtyardViewController.swift";
            sourceTree = "<group>";
        };
        1F12CF141C78FD370014200C =         {
            fileRef = 1F12CF131C78FD370014200C;
            isa = PBXBuildFile;
        };
        1F12CF171C7A6CD70014200C =         {
            fileEncoding = 4;
            isa = PBXFileReference;
            lastKnownFileType = "sourcecode.swift";
            path = "Stopwatch.swift";
            sourceTree = "<group>";
        };
        1F12CF181C7A6CD70014200C =         {
            fileRef = 1F12CF171C7A6CD70014200C;
            isa = PBXBuildFile;
        };
        1F1381D21C87F39B00F27C5E =         {
            fileEncoding = 4;
            isa = PBXFileReference;
            lastKnownFileType = "sourcecode.swift";
            path = "SyncingManager.swift";
            sourceTree = "<group>";
        };
        1F1381D31C87F39B00F27C5E =         {
            fileRef = 1F1381D21C87F39B00F27C5E;
            isa = PBXBuildFile;
        };
        1F1381D41C8931FD00F27C5E =         {
            fileEncoding = 4;
            isa = PBXFileReference;
            lastKnownFileType = "sourcecode.swift";
            path = "DataSyncingViewController.swift";
            sourceTree = "<group>";
        };
        1F1381D51C8931FD00F27C5E =         {
            fileRef = 1F1381D41C8931FD00F27C5E;
            isa = PBXBuildFile;
        };
        1F21DF101C645D1F00C55D0E =         {
            children =             (
                1F75A7A81C8FD3F800B7EB44,
                1F1381D41C8931FD00F27C5E,
                1F4534551C7276DE004EDDB9,
                1F30CFC91C7E510100A4EFCA,
                1F78E7841C3B469300221927,
                1FF1F1721C3CC74A0051EE54,
                1F51D1C11C7FB30F00B4D6C5,
                1FE2C1281C80136800CECBF1,
                1F45340D1C6FC3EA004EDDB9,
                1F4534131C6FFC13004EDDB9,
                1FCA7AD91C630BAE004294D1,
                1F21DF111C66942200C55D0E,
                1F4FEDAD1C4C5DEA00F4016D,
                1F4FEDA91C4AD95C00F4016D
            );
            isa = PBXGroup;
            name = "View Controllers";
            sourceTree = "<group>";
        };
        1F21DF111C66942200C55D0E =         {
            fileEncoding = 4;
            isa = PBXFileReference;
            lastKnownFileType = "sourcecode.swift";
            path = "SortVC.swift";
            sourceTree = "<group>";
        };
        1F21DF121C66942200C55D0E =         {
            fileRef = 1F21DF111C66942200C55D0E;
            isa = PBXBuildFile;
        };
        1F2422421C73DF08008A5AFC =         {
            isa = PBXFileReference;
            lastKnownFileType = "wrapper.xcdatamodel";
            path = "FRC_Advanced_Scouting_Telemetrics CD 7.xcdatamodel";
            sourceTree = "<group>";
        };
        1F30CFC91C7E510100A4EFCA =         {
            children =             (
                1FF32A271C6E990C00CD028C,
                1FB99DB21C741840004BC2C1,
                1FF32A221C6E7AAC00CD028C,
                1FF32A201C6D194B00CD028C,
                1F4FEDAB1C4B686000F4016D
            );
            isa = PBXGroup;
            name = "Admin Console";
            sourceTree = "<group>";
        };
        1F45340D1C6FC3EA004EDDB9 =         {
            fileEncoding = 4;
            isa = PBXFileReference;
            lastKnownFileType = "sourcecode.swift";
            path = "GameStatsCollectionViewCell.swift";
            sourceTree = "<group>";
        };
        1F45340E1C6FC3EA004EDDB9 =         {
            fileRef = 1F45340D1C6FC3EA004EDDB9;
            isa = PBXBuildFile;
        };
        1F45340F1C6FF916004EDDB9 =         {
            fileEncoding = 4;
            isa = PBXFileReference;
            lastKnownFileType = "sourcecode.swift";
            path = "StandsScoutingViewController.swift";
            sourceTree = "<group>";
        };
        1F4534101C6FF916004EDDB9 =         {
            fileRef = 1F45340F1C6FF916004EDDB9;
            isa = PBXBuildFile;
        };
        1F4534131C6FFC13004EDDB9 =         {
            children =             (
                1FE2C12A1C80DFBD00CECBF1,
                1F12CF171C7A6CD70014200C,
                1F45340F1C6FF916004EDDB9,
                1F12CF131C78FD370014200C,
                1F4534141C6FFC38004EDDB9,
                1F4534161C7002EB004EDDB9
            );
            isa = PBXGroup;
            name = "Stands Scouting";
            sourceTree = "<group>";
        };
        1F4534141C6FFC38004EDDB9 =         {
            fileEncoding = 4;
            isa = PBXFileReference;
            lastKnownFileType = "sourcecode.swift";
            path = "AutonomousViewController.swift";
            sourceTree = "<group>";
        };
        1F4534151C6FFC38004EDDB9 =         {
            fileRef = 1F4534141C6FFC38004EDDB9;
            isa = PBXBuildFile;
        };
        1F4534161C7002EB004EDDB9 =         {
            fileEncoding = 4;
            isa = PBXFileReference;
            lastKnownFileType = "sourcecode.swift";
            path = "PopoverPickerViewController.swift";
            sourceTree = "<group>";
        };
        1F4534171C7002EB004EDDB9 =         {
            fileRef = 1F4534161C7002EB004EDDB9;
            isa = PBXBuildFile;
        };
        1F4534181C7242B9004EDDB9 =         {
            fileEncoding = 4;
            isa = PBXFileReference;
            lastKnownFileType = "sourcecode.swift";
            path = "Defense+CoreDataProperties.swift";
            sourceTree = "<group>";
        };
        1F4534191C7242B9004EDDB9 =         {
            fileEncoding = 4;
            isa = PBXFileReference;
            lastKnownFileType = "sourcecode.swift";
            path = "Defense.swift";
            sourceTree = "<group>";
        };
        1F45341A1C7242B9004EDDB9 =         {
            fileEncoding = 4;
            isa = PBXFileReference;
            lastKnownFileType = "sourcecode.swift";
            path = "TimeMarker+CoreDataProperties.swift";
            sourceTree = "<group>";
        };
        1F45341B1C7242B9004EDDB9 =         {
            fileEncoding = 4;
            isa = PBXFileReference;
            lastKnownFileType = "sourcecode.swift";
            path = "TimeMarker.swift";
            sourceTree = "<group>";
        };
        1F45341C1C7242B9004EDDB9 =         {
            fileEncoding = 4;
            isa = PBXFileReference;
            lastKnownFileType = "sourcecode.swift";
            path = "DefenseCrossTime+CoreDataProperties.swift";
            sourceTree = "<group>";
        };
        1F45341D1C7242B9004EDDB9 =         {
            fileEncoding = 4;
            isa = PBXFileReference;
            lastKnownFileType = "sourcecode.swift";
            path = "DefenseCrossTime.swift";
            sourceTree = "<group>";
        };
        1F45341E1C7242B9004EDDB9 =         {
            fileEncoding = 4;
            isa = PBXFileReference;
            lastKnownFileType = "sourcecode.swift";
            path = "Match+CoreDataProperties.swift";
            sourceTree = "<group>";
        };
        1F45341F1C7242B9004EDDB9 =         {
            fileEncoding = 4;
            isa = PBXFileReference;
            lastKnownFileType = "sourcecode.swift";
            path = "Match.swift";
            sourceTree = "<group>";
        };
        1F4534201C7242B9004EDDB9 =         {
            fileEncoding = 4;
            isa = PBXFileReference;
            lastKnownFileType = "sourcecode.swift";
            path = "DraftBoard+CoreDataProperties.swift";
            sourceTree = "<group>";
        };
        1F4534211C7242B9004EDDB9 =         {
            fileEncoding = 4;
            isa = PBXFileReference;
            lastKnownFileType = "sourcecode.swift";
            path = "DraftBoard.swift";
            sourceTree = "<group>";
        };
        1F4534241C7242B9004EDDB9 =         {
            fileEncoding = 4;
            isa = PBXFileReference;
            lastKnownFileType = "sourcecode.swift";
            path = "Shot+CoreDataProperties.swift";
            sourceTree = "<group>";
        };
        1F4534251C7242B9004EDDB9 =         {
            fileEncoding = 4;
            isa = PBXFileReference;
            lastKnownFileType = "sourcecode.swift";
            path = "Shot.swift";
            sourceTree = "<group>";
        };
        1F4534261C7242B9004EDDB9 =         {
            fileEncoding = 4;
            isa = PBXFileReference;
            lastKnownFileType = "sourcecode.swift";
            path = "AutonomousCycle+CoreDataProperties.swift";
            sourceTree = "<group>";
        };
        1F4534271C7242B9004EDDB9 =         {
            fileEncoding = 4;
            isa = PBXFileReference;
            lastKnownFileType = "sourcecode.swift";
            path = "AutonomousCycle.swift";
            sourceTree = "<group>";
        };
        1F4534281C7242B9004EDDB9 =         {
            fileEncoding = 4;
            isa = PBXFileReference;
            lastKnownFileType = "sourcecode.swift";
            path = "Regional+CoreDataProperties.swift";
            sourceTree = "<group>";
        };
        1F4534291C7242B9004EDDB9 =         {
            fileEncoding = 4;
            isa = PBXFileReference;
            lastKnownFileType = "sourcecode.swift";
            path = "Regional.swift";
            sourceTree = "<group>";
        };
        1F4534301C7242B9004EDDB9 =         {
            fileEncoding = 4;
            isa = PBXFileReference;
            lastKnownFileType = "sourcecode.swift";
            path = "Team+CoreDataProperties.swift";
            sourceTree = "<group>";
        };
        1F4534311C7242B9004EDDB9 =         {
            fileEncoding = 4;
            isa = PBXFileReference;
            lastKnownFileType = "sourcecode.swift";
            path = "Team.swift";
            sourceTree = "<group>";
        };
        1F4534321C7242B9004EDDB9 =         {
            fileEncoding = 4;
            isa = PBXFileReference;
            lastKnownFileType = "sourcecode.swift";
            path = "TeamMatchPerformance+CoreDataProperties.swift";
            sourceTree = "<group>";
        };
        1F4534331C7242B9004EDDB9 =         {
            fileEncoding = 4;
            isa = PBXFileReference;
            lastKnownFileType = "sourcecode.swift";
            path = "TeamMatchPerformance.swift";
            sourceTree = "<group>";
        };
        1F4534341C7242B9004EDDB9 =         {
            fileEncoding = 4;
            isa = PBXFileReference;
            lastKnownFileType = "sourcecode.swift";
            path = "TeamRegionalPerformance+CoreDataProperties.swift";
            sourceTree = "<group>";
        };
        1F4534351C7242B9004EDDB9 =         {
            fileEncoding = 4;
            isa = PBXFileReference;
            lastKnownFileType = "sourcecode.swift";
            path = "TeamRegionalPerformance.swift";
            sourceTree = "<group>";
        };
        1F4534361C7242B9004EDDB9 =         {
            fileRef = 1F4534181C7242B9004EDDB9;
            isa = PBXBuildFile;
        };
        1F4534371C7242B9004EDDB9 =         {
            fileRef = 1F4534191C7242B9004EDDB9;
            isa = PBXBuildFile;
        };
        1F4534381C7242B9004EDDB9 =         {
            fileRef = 1F45341A1C7242B9004EDDB9;
            isa = PBXBuildFile;
        };
        1F4534391C7242B9004EDDB9 =         {
            fileRef = 1F45341B1C7242B9004EDDB9;
            isa = PBXBuildFile;
        };
        1F45343A1C7242B9004EDDB9 =         {
            fileRef = 1F45341C1C7242B9004EDDB9;
            isa = PBXBuildFile;
        };
        1F45343B1C7242B9004EDDB9 =         {
            fileRef = 1F45341D1C7242B9004EDDB9;
            isa = PBXBuildFile;
        };
        1F45343C1C7242B9004EDDB9 =         {
            fileRef = 1F45341E1C7242B9004EDDB9;
            isa = PBXBuildFile;
        };
        1F45343D1C7242B9004EDDB9 =         {
            fileRef = 1F45341F1C7242B9004EDDB9;
            isa = PBXBuildFile;
        };
        1F45343E1C7242B9004EDDB9 =         {
            fileRef = 1F4534201C7242B9004EDDB9;
            isa = PBXBuildFile;
        };
        1F45343F1C7242B9004EDDB9 =         {
            fileRef = 1F4534211C7242B9004EDDB9;
            isa = PBXBuildFile;
        };
        1F4534421C7242B9004EDDB9 =         {
            fileRef = 1F4534241C7242B9004EDDB9;
            isa = PBXBuildFile;
        };
        1F4534431C7242B9004EDDB9 =         {
            fileRef = 1F4534251C7242B9004EDDB9;
            isa = PBXBuildFile;
        };
        1F4534441C7242B9004EDDB9 =         {
            fileRef = 1F4534261C7242B9004EDDB9;
            isa = PBXBuildFile;
        };
        1F4534451C7242B9004EDDB9 =         {
            fileRef = 1F4534271C7242B9004EDDB9;
            isa = PBXBuildFile;
        };
        1F4534461C7242B9004EDDB9 =         {
            fileRef = 1F4534281C7242B9004EDDB9;
            isa = PBXBuildFile;
        };
        1F4534471C7242B9004EDDB9 =         {
            fileRef = 1F4534291C7242B9004EDDB9;
            isa = PBXBuildFile;
        };
        1F45344E1C7242B9004EDDB9 =         {
            fileRef = 1F4534301C7242B9004EDDB9;
            isa = PBXBuildFile;
        };
        1F45344F1C7242B9004EDDB9 =         {
            fileRef = 1F4534311C7242B9004EDDB9;
            isa = PBXBuildFile;
        };
        1F4534501C7242B9004EDDB9 =         {
            fileRef = 1F4534321C7242B9004EDDB9;
            isa = PBXBuildFile;
        };
        1F4534511C7242B9004EDDB9 =         {
            fileRef = 1F4534331C7242B9004EDDB9;
            isa = PBXBuildFile;
        };
        1F4534521C7242B9004EDDB9 =         {
            fileRef = 1F4534341C7242B9004EDDB9;
            isa = PBXBuildFile;
        };
        1F4534531C7242B9004EDDB9 =         {
            fileRef = 1F4534351C7242B9004EDDB9;
            isa = PBXBuildFile;
        };
        1F4534541C7242FB004EDDB9 =         {
            isa = PBXFileReference;
            lastKnownFileType = "wrapper.xcdatamodel";
            path = "FRC_Advanced_Scouting_Telemetrics CD 6.xcdatamodel";
            sourceTree = "<group>";
        };
        1F4534551C7276DE004EDDB9 =         {
            fileEncoding = 4;
            isa = PBXFileReference;
            lastKnownFileType = "sourcecode.swift";
            path = "RegionalPickerViewController.swift";
            sourceTree = "<group>";
        };
        1F4534561C7276DE004EDDB9 =         {
            fileRef = 1F4534551C7276DE004EDDB9;
            isa = PBXBuildFile;
        };
        1F4FEDA91C4AD95C00F4016D =         {
            fileEncoding = 4;
            isa = PBXFileReference;
            lastKnownFileType = "sourcecode.swift";
            path = "PitScoutingController.swift";
            sourceTree = "<group>";
        };
        1F4FEDAA1C4AD95C00F4016D =         {
            fileRef = 1F4FEDA91C4AD95C00F4016D;
            isa = PBXBuildFile;
        };
        1F4FEDAB1C4B686000F4016D =         {
            fileEncoding = 4;
            isa = PBXFileReference;
            lastKnownFileType = "sourcecode.swift";
            path = "AdminConsoleController.swift";
            sourceTree = "<group>";
        };
        1F4FEDAC1C4B686000F4016D =         {
            fileRef = 1F4FEDAB1C4B686000F4016D;
            isa = PBXBuildFile;
        };
        1F4FEDAD1C4C5DEA00F4016D =         {
            fileEncoding = 4;
            isa = PBXFileReference;
            lastKnownFileType = "sourcecode.swift";
            path = "AddTeamVC.swift";
            sourceTree = "<group>";
        };
        1F4FEDAE1C4C5DEA00F4016D =         {
            fileRef = 1F4FEDAD1C4C5DEA00F4016D;
            isa = PBXBuildFile;
        };
        1F51D1C11C7FB30F00B4D6C5 =         {
            fileEncoding = 4;
            isa = PBXFileReference;
            lastKnownFileType = "sourcecode.swift";
            path = "GameStatsController.swift";
            sourceTree = "<group>";
        };
        1F51D1C21C7FB30F00B4D6C5 =         {
            fileRef = 1F51D1C11C7FB30F00B4D6C5;
            isa = PBXBuildFile;
        };
        1F51D1C51C7FFBC000B4D6C5 =         {
            fileEncoding = 4;
            isa = PBXFileReference;
            lastKnownFileType = "sourcecode.swift";
            path = "GameStatsLayout.swift";
            sourceTree = "<group>";
        };
        1F51D1C61C7FFBC000B4D6C5 =         {
            fileRef = 1F51D1C51C7FFBC000B4D6C5;
            isa = PBXBuildFile;
        };
        1F75A7A81C8FD3F800B7EB44 =         {
            fileEncoding = 4;
            isa = PBXFileReference;
            lastKnownFileType = "sourcecode.swift";
            path = "SyncingConflictViewController.swift";
            sourceTree = "<group>";
        };
        1F75A7A91C8FD3F800B7EB44 =         {
            fileRef = 1F75A7A81C8FD3F800B7EB44;
            isa = PBXBuildFile;
        };
        1F78E7761C3B469300221927 =         {
            children =             (
                1F78E7811C3B469300221927,
                1F78E7991C3B469300221927,
                1F78E7A41C3B469300221927,
                1F78E7801C3B469300221927,
                78F2956C86A5ACE52E91AF4C,
                247597E7D320F6FF4FC40A15
            );
            isa = PBXGroup;
            sourceTree = "<group>";
        };
        1F78E7771C3B469300221927 =         {
            attributes =             {
                LastSwiftUpdateCheck = 0720;
                LastUpgradeCheck = 0720;
                ORGANIZATIONNAME = "Kampfire Technologies";
                TargetAttributes =                 {
                    1F78E77E1C3B469300221927 =                     {
                        CreatedOnToolsVersion = "7.2";
                        DevelopmentTeam = 3T77TK2ECU;
                    };
                    1F78E7951C3B469300221927 =                     {
                        CreatedOnToolsVersion = "7.2";
                        TestTargetID = 1F78E77E1C3B469300221927;
                    };
                    1F78E7A01C3B469300221927 =                     {
                        CreatedOnToolsVersion = "7.2";
                        TestTargetID = 1F78E77E1C3B469300221927;
                    };
                };
            };
            buildConfigurationList = 1F78E77A1C3B469300221927;
            compatibilityVersion = "Xcode 3.2";
            developmentRegion = English;
            hasScannedForEncodings = 0;
            isa = PBXProject;
            knownRegions =             (
                en,
                Base
            );
            mainGroup = 1F78E7761C3B469300221927;
            productRefGroup = 1F78E7801C3B469300221927;
            projectDirPath = "";
            projectRoot = "";
            targets =             (
                1F78E77E1C3B469300221927,
                1F78E7951C3B469300221927,
                1F78E7A01C3B469300221927
            );
        };
        1F78E77A1C3B469300221927 =         {
            buildConfigurations =             (
                1F78E7A81C3B469300221927,
                1F78E7A91C3B469300221927
            );
            defaultConfigurationIsVisible = 0;
            defaultConfigurationName = Release;
            isa = XCConfigurationList;
        };
        1F78E77B1C3B469300221927 =         {
            buildActionMask = 2147483647;
            files =             (
                1F45343F1C7242B9004EDDB9,
                1FB99DB31C741840004BC2C1,
                1F78E7851C3B469300221927,
                1F78E78B1C3B469300221927,
                1FF32A281C6E990C00CD028C,
                1F4534391C7242B9004EDDB9,
                1FF1F1731C3CC74A0051EE54,
                1FE2C12B1C80DFBD00CECBF1,
                1FF32A211C6D194B00CD028C,
                1F12CF141C78FD370014200C,
                1F4534511C7242B9004EDDB9,
                1F4534421C7242B9004EDDB9,
                1F45343A1C7242B9004EDDB9,
                1F45343C1C7242B9004EDDB9,
                1F75A7A91C8FD3F800B7EB44,
                1F51D1C21C7FB30F00B4D6C5,
                1FF1F1791C4604370051EE54,
                1F45343E1C7242B9004EDDB9,
                1FB99DB51C75272F004BC2C1,
                1F4534441C7242B9004EDDB9,
                1FF32A231C6E7AAC00CD028C,
                1FE2C1291C80136800CECBF1,
                1F45340E1C6FC3EA004EDDB9,
                1F78E7831C3B469300221927,
                1F4FEDAE1C4C5DEA00F4016D,
                1FD0A09B1C95093600013A18,
                1F4534471C7242B9004EDDB9,
                1F4534431C7242B9004EDDB9,
                1FBB426D1C9A29FC0017E36C,
                1F45343B1C7242B9004EDDB9,
                1F1381D31C87F39B00F27C5E,
                1F4534451C7242B9004EDDB9,
                1F4534461C7242B9004EDDB9,
                1F4534361C7242B9004EDDB9,
                1F51D1C61C7FFBC000B4D6C5,
                1F4534501C7242B9004EDDB9,
                1F4534381C7242B9004EDDB9,
                1F4FEDAA1C4AD95C00F4016D,
                1FCEF8F61C9CB231006AC591,
                1F4534171C7002EB004EDDB9,
                1F4534371C7242B9004EDDB9,
                1F4534521C7242B9004EDDB9,
                1F4534531C7242B9004EDDB9,
                1F1381D51C8931FD00F27C5E,
                1F4534561C7276DE004EDDB9,
                1F4534101C6FF916004EDDB9,
                1F21DF121C66942200C55D0E,
                1FCA7ADA1C630BAE004294D1,
                1F45344E1C7242B9004EDDB9,
                1F45344F1C7242B9004EDDB9,
                1F4FEDAC1C4B686000F4016D,
                1F12CF181C7A6CD70014200C,
                1F4534151C6FFC38004EDDB9,
                1FE2C12D1C81875A00CECBF1,
                1F45343D1C7242B9004EDDB9
            );
            isa = PBXSourcesBuildPhase;
            runOnlyForDeploymentPostprocessing = 0;
        };
        1F78E77C1C3B469300221927 =         {
            buildActionMask = 2147483647;
            files =             (
                B57D6D43A840A163A005FE54
            );
            isa = PBXFrameworksBuildPhase;
            runOnlyForDeploymentPostprocessing = 0;
        };
        1F78E77D1C3B469300221927 =         {
            buildActionMask = 2147483647;
            files =             (
                1F78E7901C3B469300221927,
                1F78E78D1C3B469300221927,
                1F78E7881C3B469300221927
            );
            isa = PBXResourcesBuildPhase;
            runOnlyForDeploymentPostprocessing = 0;
        };
        1F78E77E1C3B469300221927 =         {
            buildConfigurationList = 1F78E7AA1C3B469300221927;
            buildPhases =             (
                DB686E36D31616A806A97526,
                1F78E77B1C3B469300221927,
                1F78E77C1C3B469300221927,
                1F78E77D1C3B469300221927,
                080BE7A55E0E63E0A69FA71E,
                D94545BACA3465B6C35FB105
            );
            buildRules =             (
            );
            dependencies =             (
            );
            isa = PBXNativeTarget;
            name = "FRC Advanced Scouting Touchstone";
            productName = "FRC Advanced Scouting Telemetrics";
            productReference = 1F78E77F1C3B469300221927;
            productType = "com.apple.product-type.application";
        };
        1F78E77F1C3B469300221927 =         {
            explicitFileType = "wrapper.application";
            includeInIndex = 0;
            isa = PBXFileReference;
            path = "FRC Advanced Scouting Touchstone.app";
            sourceTree = "BUILT_PRODUCTS_DIR";
        };
        1F78E7801C3B469300221927 =         {
            children =             (
                1F78E77F1C3B469300221927,
                1F78E7961C3B469300221927,
                1F78E7A11C3B469300221927
            );
            isa = PBXGroup;
            name = Products;
            sourceTree = "<group>";
        };
        1F78E7811C3B469300221927 =         {
            children =             (
                1FBB426C1C9A29FC0017E36C,
                1FD0A09A1C95093600013A18,
                1F1381D21C87F39B00F27C5E,
                1FE2C12C1C81875A00CECBF1,
                1F51D1C51C7FFBC000B4D6C5,
                1FB99DB41C75272F004BC2C1,
                1FCA7ADB1C6408B2004294D1,
                1F78E7821C3B469300221927,
                1FCEF8F51C9CB231006AC591,
                1F21DF101C645D1F00C55D0E,
                1FF1F1781C4604370051EE54,
                1F78E7861C3B469300221927,
                1F78E78C1C3B469300221927,
                1F78E78E1C3B469300221927,
                1F78E7911C3B469300221927,
                1F78E7891C3B469300221927
            );
            isa = PBXGroup;
            path = "FRC Advanced Scouting Telemetrics";
            sourceTree = "<group>";
        };
        1F78E7821C3B469300221927 =         {
            isa = PBXFileReference;
            lastKnownFileType = "sourcecode.swift";
            path = "AppDelegate.swift";
            sourceTree = "<group>";
        };
        1F78E7831C3B469300221927 =         {
            fileRef = 1F78E7821C3B469300221927;
            isa = PBXBuildFile;
        };
        1F78E7841C3B469300221927 =         {
            isa = PBXFileReference;
            lastKnownFileType = "sourcecode.swift";
            path = "ViewController.swift";
            sourceTree = "<group>";
        };
        1F78E7851C3B469300221927 =         {
            fileRef = 1F78E7841C3B469300221927;
            isa = PBXBuildFile;
        };
        1F78E7861C3B469300221927 =         {
            children =             (
                1F78E7871C3B469300221927
            );
            isa = PBXVariantGroup;
            name = "Main.storyboard";
            sourceTree = "<group>";
        };
        1F78E7871C3B469300221927 =         {
            isa = PBXFileReference;
            lastKnownFileType = "file.storyboard";
            name = Base;
            path = "Base.lproj/Main.storyboard";
            sourceTree = "<group>";
        };
        1F78E7881C3B469300221927 =         {
            fileRef = 1F78E7861C3B469300221927;
            isa = PBXBuildFile;
        };
        1F78E7891C3B469300221927 =         {
            children =             (
                1F2422421C73DF08008A5AFC,
                1F4534541C7242FB004EDDB9,
                1F9A53861C6AB0F000B0AAE3,
                1FCA7ACC1C61AB38004294D1,
                1F0296691C5D5439008CA8C2,
                1F0296661C5C6E42008CA8C2,
                1F78E78A1C3B469300221927
            );
            currentVersion = 1F2422421C73DF08008A5AFC;
            isa = XCVersionGroup;
            path = "FRC_Advanced_Scouting_Telemetrics.xcdatamodeld";
            sourceTree = "<group>";
            versionGroupType = "wrapper.xcdatamodel";
        };
        1F78E78A1C3B469300221927 =         {
            isa = PBXFileReference;
            lastKnownFileType = "wrapper.xcdatamodel";
            path = "FRC_Advanced_Scouting_Telemetrics.xcdatamodel";
            sourceTree = "<group>";
        };
        1F78E78B1C3B469300221927 =         {
            fileRef = 1F78E7891C3B469300221927;
            isa = PBXBuildFile;
        };
        1F78E78C1C3B469300221927 =         {
            isa = PBXFileReference;
            lastKnownFileType = "folder.assetcatalog";
            path = "Assets.xcassets";
            sourceTree = "<group>";
        };
        1F78E78D1C3B469300221927 =         {
            fileRef = 1F78E78C1C3B469300221927;
            isa = PBXBuildFile;
        };
        1F78E78E1C3B469300221927 =         {
            children =             (
                1F78E78F1C3B469300221927
            );
            isa = PBXVariantGroup;
            name = "LaunchScreen.storyboard";
            sourceTree = "<group>";
        };
        1F78E78F1C3B469300221927 =         {
            isa = PBXFileReference;
            lastKnownFileType = "file.storyboard";
            name = Base;
            path = "Base.lproj/LaunchScreen.storyboard";
            sourceTree = "<group>";
        };
        1F78E7901C3B469300221927 =         {
            fileRef = 1F78E78E1C3B469300221927;
            isa = PBXBuildFile;
        };
        1F78E7911C3B469300221927 =         {
            isa = PBXFileReference;
            lastKnownFileType = "text.plist.xml";
            path = "Info.plist";
            sourceTree = "<group>";
        };
        1F78E7921C3B469300221927 =         {
            buildActionMask = 2147483647;
            files =             (
                1F78E79B1C3B469300221927
            );
            isa = PBXSourcesBuildPhase;
            runOnlyForDeploymentPostprocessing = 0;
        };
        1F78E7931C3B469300221927 =         {
            buildActionMask = 2147483647;
            files =             (
            );
            isa = PBXFrameworksBuildPhase;
            runOnlyForDeploymentPostprocessing = 0;
        };
        1F78E7941C3B469300221927 =         {
            buildActionMask = 2147483647;
            files =             (
            );
            isa = PBXResourcesBuildPhase;
            runOnlyForDeploymentPostprocessing = 0;
        };
        1F78E7951C3B469300221927 =         {
            buildConfigurationList = 1F78E7AD1C3B469300221927;
            buildPhases =             (
                1F78E7921C3B469300221927,
                1F78E7931C3B469300221927,
                1F78E7941C3B469300221927
            );
            buildRules =             (
            );
            dependencies =             (
                1F78E7981C3B469300221927
            );
            isa = PBXNativeTarget;
            name = "FRC Advanced Scouting TouchstoneTests";
            productName = "FRC Advanced Scouting TelemetricsTests";
            productReference = 1F78E7961C3B469300221927;
            productType = "com.apple.product-type.bundle.unit-test";
        };
        1F78E7961C3B469300221927 =         {
            explicitFileType = "wrapper.cfbundle";
            includeInIndex = 0;
            isa = PBXFileReference;
            path = "FRC Advanced Scouting Touchstone.xctest";
            sourceTree = "BUILT_PRODUCTS_DIR";
        };
        1F78E7971C3B469300221927 =         {
            containerPortal = 1F78E7771C3B469300221927;
            isa = PBXContainerItemProxy;
            proxyType = 1;
            remoteGlobalIDString = 1F78E77E1C3B469300221927;
            remoteInfo = "FRC Advanced Scouting Telemetrics";
        };
        1F78E7981C3B469300221927 =         {
            isa = PBXTargetDependency;
            target = 1F78E77E1C3B469300221927;
            targetProxy = 1F78E7971C3B469300221927;
        };
        1F78E7991C3B469300221927 =         {
            children =             (
                1F78E79A1C3B469300221927,
                1F78E79C1C3B469300221927
            );
            isa = PBXGroup;
            path = "FRC Advanced Scouting TelemetricsTests";
            sourceTree = "<group>";
        };
        1F78E79A1C3B469300221927 =         {
            isa = PBXFileReference;
            lastKnownFileType = "sourcecode.swift";
            path = "FRC_Advanced_Scouting_TelemetricsTests.swift";
            sourceTree = "<group>";
        };
        1F78E79B1C3B469300221927 =         {
            fileRef = 1F78E79A1C3B469300221927;
            isa = PBXBuildFile;
        };
        1F78E79C1C3B469300221927 =         {
            isa = PBXFileReference;
            lastKnownFileType = "text.plist.xml";
            path = "Info.plist";
            sourceTree = "<group>";
        };
        1F78E79D1C3B469300221927 =         {
            buildActionMask = 2147483647;
            files =             (
                1F78E7A61C3B469300221927
            );
            isa = PBXSourcesBuildPhase;
            runOnlyForDeploymentPostprocessing = 0;
        };
        1F78E79E1C3B469300221927 =         {
            buildActionMask = 2147483647;
            files =             (
            );
            isa = PBXFrameworksBuildPhase;
            runOnlyForDeploymentPostprocessing = 0;
        };
        1F78E79F1C3B469300221927 =         {
            buildActionMask = 2147483647;
            files =             (
            );
            isa = PBXResourcesBuildPhase;
            runOnlyForDeploymentPostprocessing = 0;
        };
        1F78E7A01C3B469300221927 =         {
            buildConfigurationList = 1F78E7B01C3B469300221927;
            buildPhases =             (
                1F78E79D1C3B469300221927,
                1F78E79E1C3B469300221927,
                1F78E79F1C3B469300221927
            );
            buildRules =             (
            );
            dependencies =             (
                1F78E7A31C3B469300221927
            );
            isa = PBXNativeTarget;
            name = "FRC Advanced Scouting TouchstoneUITests";
            productName = "FRC Advanced Scouting TelemetricsUITests";
            productReference = 1F78E7A11C3B469300221927;
            productType = "com.apple.product-type.bundle.ui-testing";
        };
        1F78E7A11C3B469300221927 =         {
            explicitFileType = "wrapper.cfbundle";
            includeInIndex = 0;
            isa = PBXFileReference;
            path = "FRC Advanced Scouting Touchstone.xctest";
            sourceTree = "BUILT_PRODUCTS_DIR";
        };
        1F78E7A21C3B469300221927 =         {
            containerPortal = 1F78E7771C3B469300221927;
            isa = PBXContainerItemProxy;
            proxyType = 1;
            remoteGlobalIDString = 1F78E77E1C3B469300221927;
            remoteInfo = "FRC Advanced Scouting Telemetrics";
        };
        1F78E7A31C3B469300221927 =         {
            isa = PBXTargetDependency;
            target = 1F78E77E1C3B469300221927;
            targetProxy = 1F78E7A21C3B469300221927;
        };
        1F78E7A41C3B469300221927 =         {
            children =             (
                1F78E7A51C3B469300221927,
                1F78E7A71C3B469300221927
            );
            isa = PBXGroup;
            path = "FRC Advanced Scouting TelemetricsUITests";
            sourceTree = "<group>";
        };
        1F78E7A51C3B469300221927 =         {
            isa = PBXFileReference;
            lastKnownFileType = "sourcecode.swift";
            path = "FRC_Advanced_Scouting_TelemetricsUITests.swift";
            sourceTree = "<group>";
        };
        1F78E7A61C3B469300221927 =         {
            fileRef = 1F78E7A51C3B469300221927;
            isa = PBXBuildFile;
        };
        1F78E7A71C3B469300221927 =         {
            isa = PBXFileReference;
            lastKnownFileType = "text.plist.xml";
            path = "Info.plist";
            sourceTree = "<group>";
        };
        1F78E7A81C3B469300221927 =         {
            buildSettings =             {
                "ALWAYS_SEARCH_USER_PATHS" = NO;
                "CLANG_CXX_LANGUAGE_STANDARD" = "gnu++0x";
                "CLANG_CXX_LIBRARY" = "libc++";
                "CLANG_ENABLE_MODULES" = YES;
                "CLANG_ENABLE_OBJC_ARC" = YES;
                "CLANG_WARN_BOOL_CONVERSION" = YES;
                "CLANG_WARN_CONSTANT_CONVERSION" = YES;
                "CLANG_WARN_DIRECT_OBJC_ISA_USAGE" = "YES_ERROR";
                "CLANG_WARN_EMPTY_BODY" = YES;
                "CLANG_WARN_ENUM_CONVERSION" = YES;
                "CLANG_WARN_INT_CONVERSION" = YES;
                "CLANG_WARN_OBJC_ROOT_CLASS" = "YES_ERROR";
                "CLANG_WARN_UNREACHABLE_CODE" = YES;
                "CLANG_WARN__DUPLICATE_METHOD_MATCH" = YES;
                "CODE_SIGN_IDENTITY[sdk=iphoneos*]" = "iPhone Developer";
                "COPY_PHASE_STRIP" = NO;
                "DEBUG_INFORMATION_FORMAT" = dwarf;
                "ENABLE_STRICT_OBJC_MSGSEND" = YES;
                "ENABLE_TESTABILITY" = YES;
                "GCC_C_LANGUAGE_STANDARD" = gnu99;
                "GCC_DYNAMIC_NO_PIC" = NO;
                "GCC_NO_COMMON_BLOCKS" = YES;
                "GCC_OPTIMIZATION_LEVEL" = 0;
                "GCC_PREPROCESSOR_DEFINITIONS" =                 (
                    "DEBUG=1",
                    "$(inherited)"
                );
                "GCC_WARN_64_TO_32_BIT_CONVERSION" = YES;
                "GCC_WARN_ABOUT_RETURN_TYPE" = "YES_ERROR";
                "GCC_WARN_UNDECLARED_SELECTOR" = YES;
                "GCC_WARN_UNINITIALIZED_AUTOS" = "YES_AGGRESSIVE";
                "GCC_WARN_UNUSED_FUNCTION" = YES;
                "GCC_WARN_UNUSED_VARIABLE" = YES;
                "IPHONEOS_DEPLOYMENT_TARGET" = "9.2";
                "MTL_ENABLE_DEBUG_INFO" = YES;
                "ONLY_ACTIVE_ARCH" = YES;
                SDKROOT = iphoneos;
                "SWIFT_OPTIMIZATION_LEVEL" = "-Onone";
                "TARGETED_DEVICE_FAMILY" = 2;
            };
            isa = XCBuildConfiguration;
            name = Debug;
        };
        1F78E7A91C3B469300221927 =         {
            buildSettings =             {
                "ALWAYS_SEARCH_USER_PATHS" = NO;
                "CLANG_CXX_LANGUAGE_STANDARD" = "gnu++0x";
                "CLANG_CXX_LIBRARY" = "libc++";
                "CLANG_ENABLE_MODULES" = YES;
                "CLANG_ENABLE_OBJC_ARC" = YES;
                "CLANG_WARN_BOOL_CONVERSION" = YES;
                "CLANG_WARN_CONSTANT_CONVERSION" = YES;
                "CLANG_WARN_DIRECT_OBJC_ISA_USAGE" = "YES_ERROR";
                "CLANG_WARN_EMPTY_BODY" = YES;
                "CLANG_WARN_ENUM_CONVERSION" = YES;
                "CLANG_WARN_INT_CONVERSION" = YES;
                "CLANG_WARN_OBJC_ROOT_CLASS" = "YES_ERROR";
                "CLANG_WARN_UNREACHABLE_CODE" = YES;
                "CLANG_WARN__DUPLICATE_METHOD_MATCH" = YES;
                "CODE_SIGN_IDENTITY[sdk=iphoneos*]" = "iPhone Developer";
                "COPY_PHASE_STRIP" = NO;
                "DEBUG_INFORMATION_FORMAT" = "dwarf-with-dsym";
                "ENABLE_NS_ASSERTIONS" = NO;
                "ENABLE_STRICT_OBJC_MSGSEND" = YES;
                "GCC_C_LANGUAGE_STANDARD" = gnu99;
                "GCC_NO_COMMON_BLOCKS" = YES;
                "GCC_WARN_64_TO_32_BIT_CONVERSION" = YES;
                "GCC_WARN_ABOUT_RETURN_TYPE" = "YES_ERROR";
                "GCC_WARN_UNDECLARED_SELECTOR" = YES;
                "GCC_WARN_UNINITIALIZED_AUTOS" = "YES_AGGRESSIVE";
                "GCC_WARN_UNUSED_FUNCTION" = YES;
                "GCC_WARN_UNUSED_VARIABLE" = YES;
                "IPHONEOS_DEPLOYMENT_TARGET" = "9.2";
                "MTL_ENABLE_DEBUG_INFO" = NO;
                SDKROOT = iphoneos;
                "TARGETED_DEVICE_FAMILY" = 2;
                "VALIDATE_PRODUCT" = YES;
            };
            isa = XCBuildConfiguration;
            name = Release;
        };
        1F78E7AA1C3B469300221927 =         {
            buildConfigurations =             (
                1F78E7AB1C3B469300221927,
                1F78E7AC1C3B469300221927
            );
            defaultConfigurationIsVisible = 0;
            defaultConfigurationName = Release;
            isa = XCConfigurationList;
        };
        1F78E7AB1C3B469300221927 =         {
            baseConfigurationReference = FB662BA537272C54A0526CB7;
            buildSettings =             {
                "ASSETCATALOG_COMPILER_APPICON_NAME" = AppIcon;
                "CODE_SIGN_IDENTITY" = "iPhone Developer";
                "CODE_SIGN_IDENTITY[sdk=iphoneos*]" = "iPhone Developer";
                "INFOPLIST_FILE" = "FRC Advanced Scouting Telemetrics/Info.plist";
                "LD_RUNPATH_SEARCH_PATHS" = "$(inherited) @executable_path/Frameworks";
                "PRODUCT_BUNDLE_IDENTIFIER" = "com.kampmeier.FRC-Advanced-Scouting-Touchstone";
                "PRODUCT_NAME" = "FRC Advanced Scouting Touchstone";
                "PROVISIONING_PROFILE" = "";
            };
            isa = XCBuildConfiguration;
            name = Debug;
        };
        1F78E7AC1C3B469300221927 =         {
            baseConfigurationReference = 7A0B0ED33C5CDE3647C7F796;
            buildSettings =             {
                "ASSETCATALOG_COMPILER_APPICON_NAME" = AppIcon;
                "CODE_SIGN_IDENTITY" = "iPhone Developer";
                "CODE_SIGN_IDENTITY[sdk=iphoneos*]" = "iPhone Developer";
                "INFOPLIST_FILE" = "FRC Advanced Scouting Telemetrics/Info.plist";
                "LD_RUNPATH_SEARCH_PATHS" = "$(inherited) @executable_path/Frameworks";
                "PRODUCT_BUNDLE_IDENTIFIER" = "com.kampmeier.FRC-Advanced-Scouting-Touchstone";
                "PRODUCT_NAME" = "FRC Advanced Scouting Touchstone";
                "PROVISIONING_PROFILE" = "";
            };
            isa = XCBuildConfiguration;
            name = Release;
        };
        1F78E7AD1C3B469300221927 =         {
            buildConfigurations =             (
                1F78E7AE1C3B469300221927,
                1F78E7AF1C3B469300221927
            );
            defaultConfigurationIsVisible = 0;
            defaultConfigurationName = Release;
            isa = XCConfigurationList;
        };
        1F78E7AE1C3B469300221927 =         {
            buildSettings =             {
                "BUNDLE_LOADER" = "$(TEST_HOST)";
                "INFOPLIST_FILE" = "FRC Advanced Scouting TelemetricsTests/Info.plist";
                "LD_RUNPATH_SEARCH_PATHS" = "$(inherited) @executable_path/Frameworks @loader_path/Frameworks";
                "PRODUCT_BUNDLE_IDENTIFIER" = "com.kampmeier.FRC-Advanced-Scouting-TelemetricsTests";
                "PRODUCT_NAME" = "FRC Advanced Scouting Touchstone";
                "TEST_HOST" = "$(BUILT_PRODUCTS_DIR)/FRC Advanced Scouting Touchstone.app/FRC Advanced Scouting Touchstone";
            };
            isa = XCBuildConfiguration;
            name = Debug;
        };
        1F78E7AF1C3B469300221927 =         {
            buildSettings =             {
                "BUNDLE_LOADER" = "$(TEST_HOST)";
                "INFOPLIST_FILE" = "FRC Advanced Scouting TelemetricsTests/Info.plist";
                "LD_RUNPATH_SEARCH_PATHS" = "$(inherited) @executable_path/Frameworks @loader_path/Frameworks";
                "PRODUCT_BUNDLE_IDENTIFIER" = "com.kampmeier.FRC-Advanced-Scouting-TelemetricsTests";
                "PRODUCT_NAME" = "FRC Advanced Scouting Touchstone";
                "TEST_HOST" = "$(BUILT_PRODUCTS_DIR)/FRC Advanced Scouting Touchstone.app/FRC Advanced Scouting Touchstone";
            };
            isa = XCBuildConfiguration;
            name = Release;
        };
        1F78E7B01C3B469300221927 =         {
            buildConfigurations =             (
                1F78E7B11C3B469300221927,
                1F78E7B21C3B469300221927
            );
            defaultConfigurationIsVisible = 0;
            defaultConfigurationName = Release;
            isa = XCConfigurationList;
        };
        1F78E7B11C3B469300221927 =         {
            buildSettings =             {
                "INFOPLIST_FILE" = "FRC Advanced Scouting TelemetricsUITests/Info.plist";
                "LD_RUNPATH_SEARCH_PATHS" = "$(inherited) @executable_path/Frameworks @loader_path/Frameworks";
                "PRODUCT_BUNDLE_IDENTIFIER" = "com.kampmeier.FRC-Advanced-Scouting-TelemetricsUITests";
                "PRODUCT_NAME" = "FRC Advanced Scouting Touchstone";
                "TEST_TARGET_NAME" = "FRC Advanced Scouting Telemetrics";
                "USES_XCTRUNNER" = YES;
            };
            isa = XCBuildConfiguration;
            name = Debug;
        };
        1F78E7B21C3B469300221927 =         {
            buildSettings =             {
                "INFOPLIST_FILE" = "FRC Advanced Scouting TelemetricsUITests/Info.plist";
                "LD_RUNPATH_SEARCH_PATHS" = "$(inherited) @executable_path/Frameworks @loader_path/Frameworks";
                "PRODUCT_BUNDLE_IDENTIFIER" = "com.kampmeier.FRC-Advanced-Scouting-TelemetricsUITests";
                "PRODUCT_NAME" = "FRC Advanced Scouting Touchstone";
                "TEST_TARGET_NAME" = "FRC Advanced Scouting Telemetrics";
                "USES_XCTRUNNER" = YES;
            };
            isa = XCBuildConfiguration;
            name = Release;
        };
        1F9A53861C6AB0F000B0AAE3 =         {
            isa = PBXFileReference;
            lastKnownFileType = "wrapper.xcdatamodel";
            path = "FRC_Advanced_Scouting_Telemetrics CD 5.xcdatamodel";
            sourceTree = "<group>";
        };
        1FB99DB21C741840004BC2C1 =         {
            fileEncoding = 4;
            isa = PBXFileReference;
            lastKnownFileType = "sourcecode.swift";
            path = "AdminConfigureDetailRegionalViewController.swift";
            sourceTree = "<group>";
        };
        1FB99DB31C741840004BC2C1 =         {
            fileRef = 1FB99DB21C741840004BC2C1;
            isa = PBXBuildFile;
        };
        1FB99DB41C75272F004BC2C1 =         {
            fileEncoding = 4;
            isa = PBXFileReference;
            lastKnownFileType = "sourcecode.swift";
            path = "ArrayExtension.swift";
            sourceTree = "<group>";
        };
        1FB99DB51C75272F004BC2C1 =         {
            fileRef = 1FB99DB41C75272F004BC2C1;
            isa = PBXBuildFile;
        };
        1FBB426C1C9A29FC0017E36C =         {
            fileEncoding = 4;
            isa = PBXFileReference;
            lastKnownFileType = "sourcecode.swift";
            path = "Statistics.swift";
            sourceTree = "<group>";
        };
        1FBB426D1C9A29FC0017E36C =         {
            fileRef = 1FBB426C1C9A29FC0017E36C;
            isa = PBXBuildFile;
        };
        1FCA7ACC1C61AB38004294D1 =         {
            isa = PBXFileReference;
            lastKnownFileType = "wrapper.xcdatamodel";
            path = "FRC_Advanced_Scouting_Telemetrics CD 4.xcdatamodel";
            sourceTree = "<group>";
        };
        1FCA7AD91C630BAE004294D1 =         {
            fileEncoding = 4;
            isa = PBXFileReference;
            lastKnownFileType = "sourcecode.swift";
            path = "StatsVC.swift";
            sourceTree = "<group>";
        };
        1FCA7ADA1C630BAE004294D1 =         {
            fileRef = 1FCA7AD91C630BAE004294D1;
            isa = PBXBuildFile;
        };
        1FCA7ADB1C6408B2004294D1 =         {
            children =             (
                1F4534181C7242B9004EDDB9,
                1F4534191C7242B9004EDDB9,
                1F45341A1C7242B9004EDDB9,
                1F45341B1C7242B9004EDDB9,
                1F45341C1C7242B9004EDDB9,
                1F45341D1C7242B9004EDDB9,
                1F45341E1C7242B9004EDDB9,
                1F45341F1C7242B9004EDDB9,
                1F4534201C7242B9004EDDB9,
                1F4534211C7242B9004EDDB9,
                1F4534241C7242B9004EDDB9,
                1F4534251C7242B9004EDDB9,
                1F4534261C7242B9004EDDB9,
                1F4534271C7242B9004EDDB9,
                1F4534281C7242B9004EDDB9,
                1F4534291C7242B9004EDDB9,
                1F4534301C7242B9004EDDB9,
                1F4534311C7242B9004EDDB9,
                1F4534321C7242B9004EDDB9,
                1F4534331C7242B9004EDDB9,
                1F4534341C7242B9004EDDB9,
                1F4534351C7242B9004EDDB9
            );
            isa = PBXGroup;
            name = "Core Data";
            sourceTree = "<group>";
        };
        1FCEF8F51C9CB231006AC591 =         {
            fileEncoding = 4;
            isa = PBXFileReference;
            lastKnownFileType = "sourcecode.swift";
            path = "Globals.swift";
            sourceTree = "<group>";
        };
        1FCEF8F61C9CB231006AC591 =         {
            fileRef = 1FCEF8F51C9CB231006AC591;
            isa = PBXBuildFile;
        };
        1FD0A09A1C95093600013A18 =         {
            fileEncoding = 4;
            isa = PBXFileReference;
            lastKnownFileType = "sourcecode.swift";
            path = "TeamListTableViewCell.swift";
            sourceTree = "<group>";
        };
        1FD0A09B1C95093600013A18 =         {
            fileRef = 1FD0A09A1C95093600013A18;
            isa = PBXBuildFile;
        };
        1FE2C1281C80136800CECBF1 =         {
            fileEncoding = 4;
            isa = PBXFileReference;
            lastKnownFileType = "sourcecode.swift";
            path = "ShotChartViewController.swift";
            sourceTree = "<group>";
        };
        1FE2C1291C80136800CECBF1 =         {
            fileRef = 1FE2C1281C80136800CECBF1;
            isa = PBXBuildFile;
        };
        1FE2C12A1C80DFBD00CECBF1 =         {
            fileEncoding = 4;
            isa = PBXFileReference;
            lastKnownFileType = "sourcecode.swift";
            path = "NeutralViewController.swift";
            sourceTree = "<group>";
        };
        1FE2C12B1C80DFBD00CECBF1 =         {
            fileRef = 1FE2C12A1C80DFBD00CECBF1;
            isa = PBXBuildFile;
        };
        1FE2C12C1C81875A00CECBF1 =         {
            fileEncoding = 4;
            isa = PBXFileReference;
            lastKnownFileType = "sourcecode.swift";
            path = "ImageScalingFunctions.swift";
            sourceTree = "<group>";
        };
        1FE2C12D1C81875A00CECBF1 =         {
            fileRef = 1FE2C12C1C81875A00CECBF1;
            isa = PBXBuildFile;
        };
        1FF1F1721C3CC74A0051EE54 =         {
            fileEncoding = 4;
            isa = PBXFileReference;
            lastKnownFileType = "sourcecode.swift";
            path = "TeamListController.swift";
            sourceTree = "<group>";
        };
        1FF1F1731C3CC74A0051EE54 =         {
            fileRef = 1FF1F1721C3CC74A0051EE54;
            isa = PBXBuildFile;
        };
        1FF1F1781C4604370051EE54 =         {
            fileEncoding = 4;
            isa = PBXFileReference;
            lastKnownFileType = "sourcecode.swift";
            path = "TeamDataManager.swift";
            sourceTree = "<group>";
        };
        1FF1F1791C4604370051EE54 =         {
            fileRef = 1FF1F1781C4604370051EE54;
            isa = PBXBuildFile;
        };
        1FF32A201C6D194B00CD028C =         {
            fileEncoding = 4;
            isa = PBXFileReference;
            lastKnownFileType = "sourcecode.swift";
            path = "AdminConfigureVC.swift";
            sourceTree = "<group>";
        };
        1FF32A211C6D194B00CD028C =         {
            fileRef = 1FF32A201C6D194B00CD028C;
            isa = PBXBuildFile;
        };
        1FF32A221C6E7AAC00CD028C =         {
            fileEncoding = 4;
            isa = PBXFileReference;
            lastKnownFileType = "sourcecode.swift";
            path = "AdminConfigureDetailVC.swift";
            sourceTree = "<group>";
        };
        1FF32A231C6E7AAC00CD028C =         {
            fileRef = 1FF32A221C6E7AAC00CD028C;
            isa = PBXBuildFile;
        };
        1FF32A271C6E990C00CD028C =         {
            fileEncoding = 4;
            isa = PBXFileReference;
            lastKnownFileType = "sourcecode.swift";
            path = "AdminConfigureDetailMatchVC.swift";
            sourceTree = "<group>";
        };
        1FF32A281C6E990C00CD028C =         {
            fileRef = 1FF32A271C6E990C00CD028C;
            isa = PBXBuildFile;
        };
        247597E7D320F6FF4FC40A15 =         {
            children =             (
                1C713CB13EB7BA66AC808E54
            );
            isa = PBXGroup;
            name = Frameworks;
            sourceTree = "<group>";
        };
        78F2956C86A5ACE52E91AF4C =         {
            children =             (
                FB662BA537272C54A0526CB7,
                7A0B0ED33C5CDE3647C7F796
            );
            isa = PBXGroup;
            name = Pods;
            sourceTree = "<group>";
        };
        7A0B0ED33C5CDE3647C7F796 =         {
            includeInIndex = 1;
            isa = PBXFileReference;
            lastKnownFileType = "text.xcconfig";
            name = "Pods.release.xcconfig";
            path = "Pods/Target Support Files/Pods/Pods.release.xcconfig";
            sourceTree = "<group>";
        };
        B57D6D43A840A163A005FE54 =         {
            fileRef = 1C713CB13EB7BA66AC808E54;
            isa = PBXBuildFile;
        };
        D94545BACA3465B6C35FB105 =         {
            buildActionMask = 2147483647;
            files =             (
            );
            inputPaths =             (
            );
            isa = PBXShellScriptBuildPhase;
            name = "Copy Pods Resources";
            outputPaths =             (
            );
            runOnlyForDeploymentPostprocessing = 0;
            shellPath = "/bin/sh";
            shellScript = "\"${SRCROOT}/Pods/Target Support Files/Pods/Pods-resources.sh\"\n";
            showEnvVarsInLog = 0;
        };
        DB686E36D31616A806A97526 =         {
            buildActionMask = 2147483647;
            files =             (
            );
            inputPaths =             (
            );
            isa = PBXShellScriptBuildPhase;
            name = "Check Pods Manifest.lock";
            outputPaths =             (
            );
            runOnlyForDeploymentPostprocessing = 0;
            shellPath = "/bin/sh";
            shellScript = "diff \"${PODS_ROOT}/../Podfile.lock\" \"${PODS_ROOT}/Manifest.lock\" > /dev/null\nif [[ $? != 0 ]] ; then\n    cat << EOM\nerror: The sandbox is not in sync with the Podfile.lock. Run 'pod install' or update your CocoaPods installation.\nEOM\n    exit 1\nfi\n";
            showEnvVarsInLog = 0;
        };
        FB662BA537272C54A0526CB7 =         {
            includeInIndex = 1;
            isa = PBXFileReference;
            lastKnownFileType = "text.xcconfig";
            name = "Pods.debug.xcconfig";
            path = "Pods/Target Support Files/Pods/Pods.debug.xcconfig";
            sourceTree = "<group>";
        };
    };
    rootObject = 1F78E7771C3B469300221927;
}