// !$*UTF8*$!
{
	archiveVersion = 1;
	classes = {
	};
	objectVersion = 46;
	objects = {

/* Begin PBXBuildFile section */
		1F12CF181C7A6CD70014200C /* Stopwatch.swift in Sources */ = {isa = PBXBuildFile; fileRef = 1F12CF171C7A6CD70014200C /* Stopwatch.swift */; };
		1F1C23DA1E07673E008885A1 /* AddEventTableViewController.swift in Sources */ = {isa = PBXBuildFile; fileRef = 1F1C23D91E07673E008885A1 /* AddEventTableViewController.swift */; };
		1F21DF121C66942200C55D0E /* SortVC.swift in Sources */ = {isa = PBXBuildFile; fileRef = 1F21DF111C66942200C55D0E /* SortVC.swift */; };
		1F4534101C6FF916004EDDB9 /* StandsScoutingViewController.swift in Sources */ = {isa = PBXBuildFile; fileRef = 1F45340F1C6FF916004EDDB9 /* StandsScoutingViewController.swift */; };
		1F4FEDAC1C4B686000F4016D /* AdminConsoleController.swift in Sources */ = {isa = PBXBuildFile; fileRef = 1F4FEDAB1C4B686000F4016D /* AdminConsoleController.swift */; };
		1F78E7831C3B469300221927 /* AppDelegate.swift in Sources */ = {isa = PBXBuildFile; fileRef = 1F78E7821C3B469300221927 /* AppDelegate.swift */; };
		1F78E7881C3B469300221927 /* Main.storyboard in Resources */ = {isa = PBXBuildFile; fileRef = 1F78E7861C3B469300221927 /* Main.storyboard */; };
		1F78E78D1C3B469300221927 /* Assets.xcassets in Resources */ = {isa = PBXBuildFile; fileRef = 1F78E78C1C3B469300221927 /* Assets.xcassets */; };
		1F78E7901C3B469300221927 /* LaunchScreen.storyboard in Resources */ = {isa = PBXBuildFile; fileRef = 1F78E78E1C3B469300221927 /* LaunchScreen.storyboard */; };
		1F78E7A61C3B469300221927 /* FRC_Advanced_Scouting_TelemetricsUITests.swift in Sources */ = {isa = PBXBuildFile; fileRef = 1F78E7A51C3B469300221927 /* FRC_Advanced_Scouting_TelemetricsUITests.swift */; };
		1FBB426D1C9A29FC0017E36C /* Statistics.swift in Sources */ = {isa = PBXBuildFile; fileRef = 1FBB426C1C9A29FC0017E36C /* Statistics.swift */; };
		1FD0A09B1C95093600013A18 /* TeamListTableViewCell.swift in Sources */ = {isa = PBXBuildFile; fileRef = 1FD0A09A1C95093600013A18 /* TeamListTableViewCell.swift */; };
		1FDC1BCE1CD69EBB00ABE327 /* FASTMainSplitViewController.swift in Sources */ = {isa = PBXBuildFile; fileRef = 1FDC1BCD1CD69EBB00ABE327 /* FASTMainSplitViewController.swift */; };
		1FDC1BD11CD69F5F00ABE327 /* TeamListTableViewController.swift in Sources */ = {isa = PBXBuildFile; fileRef = 1FDC1BD01CD69F5F00ABE327 /* TeamListTableViewController.swift */; };
		1FDC1BD31CD6A35F00ABE327 /* TeamListDetailViewController.swift in Sources */ = {isa = PBXBuildFile; fileRef = 1FDC1BD21CD6A35F00ABE327 /* TeamListDetailViewController.swift */; };
		9300196C20537B0C00E10CDC /* TeamCommentsTableViewController.swift in Sources */ = {isa = PBXBuildFile; fileRef = 9300196B20537B0C00E10CDC /* TeamCommentsTableViewController.swift */; };
		9303DD1E22DFD4DA000D5178 /* EventSelector.swift in Sources */ = {isa = PBXBuildFile; fileRef = 9303DD1D22DFD4DA000D5178 /* EventSelector.swift */; };
		931428C223D15193001602DA /* SceneDelegate.swift in Sources */ = {isa = PBXBuildFile; fileRef = 931428C123D15193001602DA /* SceneDelegate.swift */; };
		9317C03B201ECFEF00F1E907 /* SSGameScoutingViewController.swift in Sources */ = {isa = PBXBuildFile; fileRef = 9317C03A201ECFEF00F1E907 /* SSGameScoutingViewController.swift */; };
		932354461E41686B0039386A /* SuperNotesCollectionViewCell.swift in Sources */ = {isa = PBXBuildFile; fileRef = 932354451E41686B0039386A /* SuperNotesCollectionViewCell.swift */; };
		932C344C1E12DC2600A23203 /* EventInfoVC.swift in Sources */ = {isa = PBXBuildFile; fileRef = 932C344B1E12DC2600A23203 /* EventInfoVC.swift */; };
		932ED30B221523CA00396A41 /* OptionSelectorViewController.swift in Sources */ = {isa = PBXBuildFile; fileRef = 932ED30A221523CA00396A41 /* OptionSelectorViewController.swift */; };
		9339A9B22223408A00D3D82C /* AppSyncExtensions.swift in Sources */ = {isa = PBXBuildFile; fileRef = 9339A9B12223408A00D3D82C /* AppSyncExtensions.swift */; };
		933D214B1E609A04008C8276 /* Pods-acknowledgments.plist in Resources */ = {isa = PBXBuildFile; fileRef = 933D214A1E609A04008C8276 /* Pods-acknowledgments.plist */; };
		933D21511E609BF7008C8276 /* Additional Licenses.plist in Resources */ = {isa = PBXBuildFile; fileRef = 933D21501E609BF7008C8276 /* Additional Licenses.plist */; };
		9342D6BC222C58AB006A1A79 /* TeamimageLoader.swift in Sources */ = {isa = PBXBuildFile; fileRef = 9342D6BB222C58AB006A1A79 /* TeamimageLoader.swift */; };
		9342D6C0222F5BAC006A1A79 /* GoogleService-Info.plist in Resources */ = {isa = PBXBuildFile; fileRef = 9342D6BF222F5BAA006A1A79 /* GoogleService-Info.plist */; };
		9349621F21E9A40500F761BD /* ScoutedTeamStats.swift in Sources */ = {isa = PBXBuildFile; fileRef = 9349621E21E9A40500F761BD /* ScoutedTeamStats.swift */; };
		934F4C552212754400A6F5FE /* SSGameStateViewController.swift in Sources */ = {isa = PBXBuildFile; fileRef = 934F4C542212754400A6F5FE /* SSGameStateViewController.swift */; };
		9351017421F42D6000D402FE /* AWSDataManager.swift in Sources */ = {isa = PBXBuildFile; fileRef = 9351017321F42D6000D402FE /* AWSDataManager.swift */; };
		9351017621F4DEB700D402FE /* ImageScalingFunctions.swift in Sources */ = {isa = PBXBuildFile; fileRef = 9351017521F4DEB600D402FE /* ImageScalingFunctions.swift */; };
		9353ADBC1E57ACF100120F1A /* MatchesTableViewController.swift in Sources */ = {isa = PBXBuildFile; fileRef = 9353ADBB1E57ACF100120F1A /* MatchesTableViewController.swift */; };
		9353ADC21E57B09D00120F1A /* MatchListTableViewCell.swift in Sources */ = {isa = PBXBuildFile; fileRef = 9353ADC11E57B09D00120F1A /* MatchListTableViewCell.swift */; };
		935A2B061E6CDC4C008FEF9D /* MatchOverviewPerformanceDetailViewController.swift in Sources */ = {isa = PBXBuildFile; fileRef = 935A2B051E6CDC4C008FEF9D /* MatchOverviewPerformanceDetailViewController.swift */; };
		935A2B081E6E5560008FEF9D /* MatchOverviewTimeMarkerTableViewCell.swift in Sources */ = {isa = PBXBuildFile; fileRef = 935A2B071E6E5560008FEF9D /* MatchOverviewTimeMarkerTableViewCell.swift */; };
		935A2B0A1E6E6968008FEF9D /* TimeMarkerDetailViewController.swift in Sources */ = {isa = PBXBuildFile; fileRef = 935A2B091E6E6968008FEF9D /* TimeMarkerDetailViewController.swift */; };
		93633B1F200D9B29000EC83A /* Match.swift in Sources */ = {isa = PBXBuildFile; fileRef = 93633B1E200D9B29000EC83A /* Match.swift */; };
		936572DF1E160EBB00439728 /* AboutViewController.swift in Sources */ = {isa = PBXBuildFile; fileRef = 936572DE1E160EBB00439728 /* AboutViewController.swift */; };
		936572E11E1610CA00439728 /* About.rtf in Resources */ = {isa = PBXBuildFile; fileRef = 936572E01E1610CA00439728 /* About.rtf */; };
		9366C5AD20490AAD00A84C47 /* StatChartViewController.swift in Sources */ = {isa = PBXBuildFile; fileRef = 9366C5AC20490AAD00A84C47 /* StatChartViewController.swift */; };
		936967F11E4FB1F7001DB15D /* TeamDetailCollectionViewController.swift in Sources */ = {isa = PBXBuildFile; fileRef = 936967F01E4FB1F7001DB15D /* TeamDetailCollectionViewController.swift */; };
		93780A2A20797487000B4565 /* WelcomePageViewController.swift in Sources */ = {isa = PBXBuildFile; fileRef = 93780A2920797487000B4565 /* WelcomePageViewController.swift */; };
		93780A2E20799E7D000B4565 /* LoginPromotionalViewController.swift in Sources */ = {isa = PBXBuildFile; fileRef = 93780A2D20799E7D000B4565 /* LoginPromotionalViewController.swift */; };
		93780A3020799F9C000B4565 /* LoginPromotionalText.rtf in Resources */ = {isa = PBXBuildFile; fileRef = 93780A2F20799F9C000B4565 /* LoginPromotionalText.rtf */; };
		937BFD022064D1B4006FB3E0 /* OnboardingPageViewController.swift in Sources */ = {isa = PBXBuildFile; fileRef = 937BFD012064D1B4006FB3E0 /* OnboardingPageViewController.swift */; };
		937BFD0420657E9E006FB3E0 /* OnboardingPathChooserViewController.swift in Sources */ = {isa = PBXBuildFile; fileRef = 937BFD0320657E9E006FB3E0 /* OnboardingPathChooserViewController.swift */; };
		937C682A204C852600FAEDE8 /* EventStatsGraphViewController.swift in Sources */ = {isa = PBXBuildFile; fileRef = 937C6829204C852600FAEDE8 /* EventStatsGraphViewController.swift */; };
		937C682E204C86DB00FAEDE8 /* SelectStatsTableViewController.swift in Sources */ = {isa = PBXBuildFile; fileRef = 937C682D204C86DB00FAEDE8 /* SelectStatsTableViewController.swift */; };
		937E9C961E40468300D0ED76 /* SuperNotesCollectionViewController.swift in Sources */ = {isa = PBXBuildFile; fileRef = 937E9C951E40468300D0ED76 /* SuperNotesCollectionViewController.swift */; };
		938BEC1B22029ED9002B39D7 /* awsconfiguration.json in Resources */ = {isa = PBXBuildFile; fileRef = 938BEC1A22029ED4002B39D7 /* awsconfiguration.json */; };
		938E0B3C2056D85C00666FA7 /* FASTAsyncManager.swift in Sources */ = {isa = PBXBuildFile; fileRef = 938E0B3B2056D85C00666FA7 /* FASTAsyncManager.swift */; };
		93A1E28E2223921900A782FC /* DeepSpaceWelcomeViewController.swift in Sources */ = {isa = PBXBuildFile; fileRef = 93A1E28D2223921900A782FC /* DeepSpaceWelcomeViewController.swift */; };
		93A254C623C055120033ECAB /* AdminConsoleConfigSections.swift in Sources */ = {isa = PBXBuildFile; fileRef = 93A254C523C055120033ECAB /* AdminConsoleConfigSections.swift */; };
		93A254C823C192140033ECAB /* ScoutingTeamTableViewController.swift in Sources */ = {isa = PBXBuildFile; fileRef = 93A254C723C192130033ECAB /* ScoutingTeamTableViewController.swift */; };
		93A254CA23C307200033ECAB /* QRCodeManager.swift in Sources */ = {isa = PBXBuildFile; fileRef = 93A254C923C307200033ECAB /* QRCodeManager.swift */; };
		93A254CC23C3DE6B0033ECAB /* CreateScoutingTeamTableViewController.swift in Sources */ = {isa = PBXBuildFile; fileRef = 93A254CB23C3DE6B0033ECAB /* CreateScoutingTeamTableViewController.swift */; };
		93A254CE23C3E2600033ECAB /* CreateScoutingTeamTableViewCell.swift in Sources */ = {isa = PBXBuildFile; fileRef = 93A254CD23C3E2600033ECAB /* CreateScoutingTeamTableViewCell.swift */; };
		93A254D023C3F0590033ECAB /* JoinScoutingTeamTableViewController.swift in Sources */ = {isa = PBXBuildFile; fileRef = 93A254CF23C3F0590033ECAB /* JoinScoutingTeamTableViewController.swift */; };
		93A254D223C52F4D0033ECAB /* ConfirmJoinScoutingTeamViewController.swift in Sources */ = {isa = PBXBuildFile; fileRef = 93A254D123C52F4D0033ECAB /* ConfirmJoinScoutingTeamViewController.swift */; };
		93A38B3A2055EBA400B8B692 /* NoEventSelected.xib in Resources */ = {isa = PBXBuildFile; fileRef = 93A38B392055EBA400B8B692 /* NoEventSelected.xib */; };
		93A38B3F2055F49F00B8B692 /* NoEventSelectedView.swift in Sources */ = {isa = PBXBuildFile; fileRef = 93A38B3E2055F49F00B8B692 /* NoEventSelectedView.swift */; };
		93A3D9F023BB0D4400C44A95 /* API.swift in Sources */ = {isa = PBXBuildFile; fileRef = 93A3D9EF23BB0D4300C44A95 /* API.swift */; };
		93AADF4922E2572C00C37E2D /* EventSelectorTableViewController.swift in Sources */ = {isa = PBXBuildFile; fileRef = 93AADF4822E2572C00C37E2D /* EventSelectorTableViewController.swift */; };
		93AE99801E3407A00000FB7C /* SSDataManager.swift in Sources */ = {isa = PBXBuildFile; fileRef = 93AE997F1E3407A00000FB7C /* SSDataManager.swift */; };
		93B5CE7123C960BD0025EDD1 /* FASTCompetitionModel.swift in Sources */ = {isa = PBXBuildFile; fileRef = 93B5CE7023C960BC0025EDD1 /* FASTCompetitionModel.swift */; };
		93B5CE7323CBD2610025EDD1 /* PitScoutingTableViewController.swift in Sources */ = {isa = PBXBuildFile; fileRef = 93B5CE7223CBD2610025EDD1 /* PitScoutingTableViewController.swift */; };
		93B5CE7523CC20F60025EDD1 /* PitScoutingTableViewCell.swift in Sources */ = {isa = PBXBuildFile; fileRef = 93B5CE7423CC20F60025EDD1 /* PitScoutingTableViewCell.swift */; };
		93B7195F22DE694D00B08FDD /* SceneDelegate.swift in Sources */ = {isa = PBXBuildFile; fileRef = 93B7195E22DE694D00B08FDD /* SceneDelegate.swift */; };
		93BA599E1E2C95F200171D72 /* FASTTests.swift in Sources */ = {isa = PBXBuildFile; fileRef = 938D9CB01E1B05BA00A5E522 /* FASTTests.swift */; };
		93BCA618223B50AD00BF6467 /* OfflineSupport.swift in Sources */ = {isa = PBXBuildFile; fileRef = 93BCA617223B50AD00BF6467 /* OfflineSupport.swift */; };
		93C5B47C1E53FC9C007D309F /* TeamInfoScrollView.swift in Sources */ = {isa = PBXBuildFile; fileRef = 93C5B47B1E53FC9C007D309F /* TeamInfoScrollView.swift */; };
		93C609241E67D035007A689D /* MatchOverviewDetailViewController.swift in Sources */ = {isa = PBXBuildFile; fileRef = 93C609231E67D035007A689D /* MatchOverviewDetailViewController.swift */; };
		93C609281E67D0CC007A689D /* MatchOverviewMasterViewController.swift in Sources */ = {isa = PBXBuildFile; fileRef = 93C609271E67D0CC007A689D /* MatchOverviewMasterViewController.swift */; };
		93D75B641E5D0866002CBED2 /* FieldLocationDisplayViewController.swift in Sources */ = {isa = PBXBuildFile; fileRef = 93D75B631E5D0866002CBED2 /* FieldLocationDisplayViewController.swift */; };
		93DA5164221E743600254BF3 /* ScoutSession.swift in Sources */ = {isa = PBXBuildFile; fileRef = 93DA5163221E743600254BF3 /* ScoutSession.swift */; };
		93E551F921CACDE0006C79A8 /* CognitoAuthProvider.swift in Sources */ = {isa = PBXBuildFile; fileRef = 93E551F821CACDE0006C79A8 /* CognitoAuthProvider.swift */; };
		93EABD2E232FFA0F000B6C0B /* Globals.swift in Sources */ = {isa = PBXBuildFile; fileRef = 93EABD2C232FFA0F000B6C0B /* Globals.swift */; };
		93EABD30232FFA23000B6C0B /* EventSelectorRow.swift in Sources */ = {isa = PBXBuildFile; fileRef = 93EABD2F232FFA23000B6C0B /* EventSelectorRow.swift */; };
		DEE3AA58734C2CCE9C06727F /* Pods_FRC_Advanced_Scouting_Touchstone.framework in Frameworks */ = {isa = PBXBuildFile; fileRef = E4D7923BBAD6512A9C4F3DBB /* Pods_FRC_Advanced_Scouting_Touchstone.framework */; };
/* End PBXBuildFile section */

/* Begin PBXContainerItemProxy section */
		1F78E7971C3B469300221927 /* PBXContainerItemProxy */ = {
			isa = PBXContainerItemProxy;
			containerPortal = 1F78E7771C3B469300221927 /* Project object */;
			proxyType = 1;
			remoteGlobalIDString = 1F78E77E1C3B469300221927;
			remoteInfo = "FRC Advanced Scouting Telemetrics";
		};
		1F78E7A21C3B469300221927 /* PBXContainerItemProxy */ = {
			isa = PBXContainerItemProxy;
			containerPortal = 1F78E7771C3B469300221927 /* Project object */;
			proxyType = 1;
			remoteGlobalIDString = 1F78E77E1C3B469300221927;
			remoteInfo = "FRC Advanced Scouting Telemetrics";
		};
/* End PBXContainerItemProxy section */

/* Begin PBXCopyFilesBuildPhase section */
		1F7AE4DF1DCC2DC80029B420 /* Embed Frameworks */ = {
			isa = PBXCopyFilesBuildPhase;
			buildActionMask = 2147483647;
			dstPath = "";
			dstSubfolderSpec = 10;
			files = (
			);
			name = "Embed Frameworks";
			runOnlyForDeploymentPostprocessing = 0;
		};
/* End PBXCopyFilesBuildPhase section */

/* Begin PBXFileReference section */
		1C713CB13EB7BA66AC808E54 /* Pods.framework */ = {isa = PBXFileReference; explicitFileType = wrapper.framework; includeInIndex = 0; path = Pods.framework; sourceTree = BUILT_PRODUCTS_DIR; };
		1F12CF171C7A6CD70014200C /* Stopwatch.swift */ = {isa = PBXFileReference; fileEncoding = 4; lastKnownFileType = sourcecode.swift; path = Stopwatch.swift; sourceTree = "<group>"; };
		1F1C23D91E07673E008885A1 /* AddEventTableViewController.swift */ = {isa = PBXFileReference; fileEncoding = 4; lastKnownFileType = sourcecode.swift; path = AddEventTableViewController.swift; sourceTree = "<group>"; };
		1F21DF111C66942200C55D0E /* SortVC.swift */ = {isa = PBXFileReference; fileEncoding = 4; lastKnownFileType = sourcecode.swift; path = SortVC.swift; sourceTree = "<group>"; };
		1F45340F1C6FF916004EDDB9 /* StandsScoutingViewController.swift */ = {isa = PBXFileReference; fileEncoding = 4; lastKnownFileType = sourcecode.swift; path = StandsScoutingViewController.swift; sourceTree = "<group>"; };
		1F4FEDAB1C4B686000F4016D /* AdminConsoleController.swift */ = {isa = PBXFileReference; fileEncoding = 4; lastKnownFileType = sourcecode.swift; path = AdminConsoleController.swift; sourceTree = "<group>"; };
		1F78E77F1C3B469300221927 /* FRC Advanced Scouting Touchstone.app */ = {isa = PBXFileReference; explicitFileType = wrapper.application; includeInIndex = 0; path = "FRC Advanced Scouting Touchstone.app"; sourceTree = BUILT_PRODUCTS_DIR; };
		1F78E7821C3B469300221927 /* AppDelegate.swift */ = {isa = PBXFileReference; lastKnownFileType = sourcecode.swift; path = AppDelegate.swift; sourceTree = "<group>"; };
		1F78E7871C3B469300221927 /* Base */ = {isa = PBXFileReference; lastKnownFileType = file.storyboard; name = Base; path = Base.lproj/Main.storyboard; sourceTree = "<group>"; };
		1F78E78C1C3B469300221927 /* Assets.xcassets */ = {isa = PBXFileReference; lastKnownFileType = folder.assetcatalog; path = Assets.xcassets; sourceTree = "<group>"; };
		1F78E78F1C3B469300221927 /* Base */ = {isa = PBXFileReference; lastKnownFileType = file.storyboard; name = Base; path = Base.lproj/LaunchScreen.storyboard; sourceTree = "<group>"; };
		1F78E7911C3B469300221927 /* Info.plist */ = {isa = PBXFileReference; lastKnownFileType = text.plist.xml; path = Info.plist; sourceTree = "<group>"; };
		1F78E7961C3B469300221927 /* FRC Advanced Scouting Touchstone Tests.xctest */ = {isa = PBXFileReference; explicitFileType = wrapper.cfbundle; includeInIndex = 0; path = "FRC Advanced Scouting Touchstone Tests.xctest"; sourceTree = BUILT_PRODUCTS_DIR; };
		1F78E79C1C3B469300221927 /* Info.plist */ = {isa = PBXFileReference; lastKnownFileType = text.plist.xml; path = Info.plist; sourceTree = "<group>"; };
		1F78E7A11C3B469300221927 /* FRC Advanced Scouting Touchstone UI Tests.xctest */ = {isa = PBXFileReference; explicitFileType = wrapper.cfbundle; includeInIndex = 0; path = "FRC Advanced Scouting Touchstone UI Tests.xctest"; sourceTree = BUILT_PRODUCTS_DIR; };
		1F78E7A51C3B469300221927 /* FRC_Advanced_Scouting_TelemetricsUITests.swift */ = {isa = PBXFileReference; lastKnownFileType = sourcecode.swift; path = FRC_Advanced_Scouting_TelemetricsUITests.swift; sourceTree = "<group>"; };
		1F78E7A71C3B469300221927 /* Info.plist */ = {isa = PBXFileReference; lastKnownFileType = text.plist.xml; path = Info.plist; sourceTree = "<group>"; };
		1F9B78241CD07C7000B4E5AE /* NYTPhotoViewer.framework */ = {isa = PBXFileReference; lastKnownFileType = wrapper.framework; name = NYTPhotoViewer.framework; path = "Pods/../build/Debug-iphoneos/NYTPhotoViewer.framework"; sourceTree = "<group>"; };
		1FBB426C1C9A29FC0017E36C /* Statistics.swift */ = {isa = PBXFileReference; fileEncoding = 4; lastKnownFileType = sourcecode.swift; path = Statistics.swift; sourceTree = "<group>"; wrapsLines = 1; };
		1FD0A09A1C95093600013A18 /* TeamListTableViewCell.swift */ = {isa = PBXFileReference; fileEncoding = 4; lastKnownFileType = sourcecode.swift; path = TeamListTableViewCell.swift; sourceTree = "<group>"; };
		1FDC1BCD1CD69EBB00ABE327 /* FASTMainSplitViewController.swift */ = {isa = PBXFileReference; fileEncoding = 4; lastKnownFileType = sourcecode.swift; path = FASTMainSplitViewController.swift; sourceTree = "<group>"; };
		1FDC1BD01CD69F5F00ABE327 /* TeamListTableViewController.swift */ = {isa = PBXFileReference; fileEncoding = 4; lastKnownFileType = sourcecode.swift; path = TeamListTableViewController.swift; sourceTree = "<group>"; };
		1FDC1BD21CD6A35F00ABE327 /* TeamListDetailViewController.swift */ = {isa = PBXFileReference; fileEncoding = 4; lastKnownFileType = sourcecode.swift; path = TeamListDetailViewController.swift; sourceTree = "<group>"; };
		1FDE56921CCD376B009042CD /* opencv2.framework */ = {isa = PBXFileReference; lastKnownFileType = wrapper.framework; name = opencv2.framework; path = "FRC Advanced Scouting Telemetrics/swix/objc/opencv2.framework"; sourceTree = "<group>"; };
		789856AA1C2E7793DD302784 /* Pods-FRC Advanced Scouting Touchstone.debug.xcconfig */ = {isa = PBXFileReference; includeInIndex = 1; lastKnownFileType = text.xcconfig; name = "Pods-FRC Advanced Scouting Touchstone.debug.xcconfig"; path = "Pods/Target Support Files/Pods-FRC Advanced Scouting Touchstone/Pods-FRC Advanced Scouting Touchstone.debug.xcconfig"; sourceTree = "<group>"; };
		9300196B20537B0C00E10CDC /* TeamCommentsTableViewController.swift */ = {isa = PBXFileReference; lastKnownFileType = sourcecode.swift; path = TeamCommentsTableViewController.swift; sourceTree = "<group>"; };
		9303DD1D22DFD4DA000D5178 /* EventSelector.swift */ = {isa = PBXFileReference; fileEncoding = 4; lastKnownFileType = sourcecode.swift; path = EventSelector.swift; sourceTree = "<group>"; };
		931428C123D15193001602DA /* SceneDelegate.swift */ = {isa = PBXFileReference; fileEncoding = 4; lastKnownFileType = sourcecode.swift; path = SceneDelegate.swift; sourceTree = "<group>"; };
		9317C03A201ECFEF00F1E907 /* SSGameScoutingViewController.swift */ = {isa = PBXFileReference; lastKnownFileType = sourcecode.swift; path = SSGameScoutingViewController.swift; sourceTree = "<group>"; };
		932354451E41686B0039386A /* SuperNotesCollectionViewCell.swift */ = {isa = PBXFileReference; fileEncoding = 4; lastKnownFileType = sourcecode.swift; path = SuperNotesCollectionViewCell.swift; sourceTree = "<group>"; };
		932C344B1E12DC2600A23203 /* EventInfoVC.swift */ = {isa = PBXFileReference; fileEncoding = 4; lastKnownFileType = sourcecode.swift; path = EventInfoVC.swift; sourceTree = "<group>"; };
		932ED30A221523CA00396A41 /* OptionSelectorViewController.swift */ = {isa = PBXFileReference; lastKnownFileType = sourcecode.swift; path = OptionSelectorViewController.swift; sourceTree = "<group>"; };
		9339A9B12223408A00D3D82C /* AppSyncExtensions.swift */ = {isa = PBXFileReference; lastKnownFileType = sourcecode.swift; path = AppSyncExtensions.swift; sourceTree = "<group>"; };
		933D214A1E609A04008C8276 /* Pods-acknowledgments.plist */ = {isa = PBXFileReference; fileEncoding = 4; lastKnownFileType = text.plist.xml; path = "Pods-acknowledgments.plist"; sourceTree = "<group>"; };
		933D21501E609BF7008C8276 /* Additional Licenses.plist */ = {isa = PBXFileReference; fileEncoding = 4; lastKnownFileType = text.plist.xml; path = "Additional Licenses.plist"; sourceTree = "<group>"; };
		9342D6BB222C58AB006A1A79 /* TeamimageLoader.swift */ = {isa = PBXFileReference; lastKnownFileType = sourcecode.swift; path = TeamimageLoader.swift; sourceTree = "<group>"; };
		9342D6BF222F5BAA006A1A79 /* GoogleService-Info.plist */ = {isa = PBXFileReference; fileEncoding = 4; lastKnownFileType = text.plist.xml; path = "GoogleService-Info.plist"; sourceTree = SOURCE_ROOT; };
		9349621E21E9A40500F761BD /* ScoutedTeamStats.swift */ = {isa = PBXFileReference; lastKnownFileType = sourcecode.swift; path = ScoutedTeamStats.swift; sourceTree = "<group>"; };
		934F4C542212754400A6F5FE /* SSGameStateViewController.swift */ = {isa = PBXFileReference; lastKnownFileType = sourcecode.swift; path = SSGameStateViewController.swift; sourceTree = "<group>"; };
		9351017321F42D6000D402FE /* AWSDataManager.swift */ = {isa = PBXFileReference; lastKnownFileType = sourcecode.swift; path = AWSDataManager.swift; sourceTree = "<group>"; };
		9351017521F4DEB600D402FE /* ImageScalingFunctions.swift */ = {isa = PBXFileReference; fileEncoding = 4; lastKnownFileType = sourcecode.swift; path = ImageScalingFunctions.swift; sourceTree = "<group>"; };
		9353ADBB1E57ACF100120F1A /* MatchesTableViewController.swift */ = {isa = PBXFileReference; fileEncoding = 4; lastKnownFileType = sourcecode.swift; path = MatchesTableViewController.swift; sourceTree = "<group>"; };
		9353ADC11E57B09D00120F1A /* MatchListTableViewCell.swift */ = {isa = PBXFileReference; fileEncoding = 4; lastKnownFileType = sourcecode.swift; path = MatchListTableViewCell.swift; sourceTree = "<group>"; };
		935A2B051E6CDC4C008FEF9D /* MatchOverviewPerformanceDetailViewController.swift */ = {isa = PBXFileReference; fileEncoding = 4; lastKnownFileType = sourcecode.swift; path = MatchOverviewPerformanceDetailViewController.swift; sourceTree = "<group>"; };
		935A2B071E6E5560008FEF9D /* MatchOverviewTimeMarkerTableViewCell.swift */ = {isa = PBXFileReference; fileEncoding = 4; lastKnownFileType = sourcecode.swift; path = MatchOverviewTimeMarkerTableViewCell.swift; sourceTree = "<group>"; };
		935A2B091E6E6968008FEF9D /* TimeMarkerDetailViewController.swift */ = {isa = PBXFileReference; fileEncoding = 4; lastKnownFileType = sourcecode.swift; path = TimeMarkerDetailViewController.swift; sourceTree = "<group>"; };
		93633B1E200D9B29000EC83A /* Match.swift */ = {isa = PBXFileReference; lastKnownFileType = sourcecode.swift; path = Match.swift; sourceTree = "<group>"; };
		936572DE1E160EBB00439728 /* AboutViewController.swift */ = {isa = PBXFileReference; fileEncoding = 4; lastKnownFileType = sourcecode.swift; path = AboutViewController.swift; sourceTree = "<group>"; };
		936572E01E1610CA00439728 /* About.rtf */ = {isa = PBXFileReference; fileEncoding = 4; lastKnownFileType = text.rtf; path = About.rtf; sourceTree = "<group>"; };
		9366C5AC20490AAD00A84C47 /* StatChartViewController.swift */ = {isa = PBXFileReference; lastKnownFileType = sourcecode.swift; path = StatChartViewController.swift; sourceTree = "<group>"; };
		936967F01E4FB1F7001DB15D /* TeamDetailCollectionViewController.swift */ = {isa = PBXFileReference; fileEncoding = 4; lastKnownFileType = sourcecode.swift; path = TeamDetailCollectionViewController.swift; sourceTree = "<group>"; };
		93780A2920797487000B4565 /* WelcomePageViewController.swift */ = {isa = PBXFileReference; lastKnownFileType = sourcecode.swift; path = WelcomePageViewController.swift; sourceTree = "<group>"; };
		93780A2D20799E7D000B4565 /* LoginPromotionalViewController.swift */ = {isa = PBXFileReference; lastKnownFileType = sourcecode.swift; path = LoginPromotionalViewController.swift; sourceTree = "<group>"; };
		93780A2F20799F9C000B4565 /* LoginPromotionalText.rtf */ = {isa = PBXFileReference; lastKnownFileType = text.rtf; path = LoginPromotionalText.rtf; sourceTree = "<group>"; };
		937BFD012064D1B4006FB3E0 /* OnboardingPageViewController.swift */ = {isa = PBXFileReference; lastKnownFileType = sourcecode.swift; path = OnboardingPageViewController.swift; sourceTree = "<group>"; };
		937BFD0320657E9E006FB3E0 /* OnboardingPathChooserViewController.swift */ = {isa = PBXFileReference; lastKnownFileType = sourcecode.swift; path = OnboardingPathChooserViewController.swift; sourceTree = "<group>"; };
		937C6829204C852600FAEDE8 /* EventStatsGraphViewController.swift */ = {isa = PBXFileReference; lastKnownFileType = sourcecode.swift; path = EventStatsGraphViewController.swift; sourceTree = "<group>"; };
		937C682D204C86DB00FAEDE8 /* SelectStatsTableViewController.swift */ = {isa = PBXFileReference; lastKnownFileType = sourcecode.swift; path = SelectStatsTableViewController.swift; sourceTree = "<group>"; };
		937E9C951E40468300D0ED76 /* SuperNotesCollectionViewController.swift */ = {isa = PBXFileReference; fileEncoding = 4; lastKnownFileType = sourcecode.swift; path = SuperNotesCollectionViewController.swift; sourceTree = "<group>"; };
		938BEC1A22029ED4002B39D7 /* awsconfiguration.json */ = {isa = PBXFileReference; lastKnownFileType = text.json; name = awsconfiguration.json; path = "/Users/aaron/Documents/Xcode Projects/FRC Advanced Scouting Telemetrics/FRC Advanced Scouting Telemetrics/awsconfiguration.json"; sourceTree = "<absolute>"; };
		938D9CB01E1B05BA00A5E522 /* FASTTests.swift */ = {isa = PBXFileReference; fileEncoding = 4; lastKnownFileType = sourcecode.swift; path = FASTTests.swift; sourceTree = "<group>"; };
		938E0B3B2056D85C00666FA7 /* FASTAsyncManager.swift */ = {isa = PBXFileReference; lastKnownFileType = sourcecode.swift; path = FASTAsyncManager.swift; sourceTree = "<group>"; };
		93A1E28D2223921900A782FC /* DeepSpaceWelcomeViewController.swift */ = {isa = PBXFileReference; lastKnownFileType = sourcecode.swift; path = DeepSpaceWelcomeViewController.swift; sourceTree = "<group>"; };
		93A254C523C055120033ECAB /* AdminConsoleConfigSections.swift */ = {isa = PBXFileReference; lastKnownFileType = sourcecode.swift; path = AdminConsoleConfigSections.swift; sourceTree = "<group>"; };
		93A254C723C192130033ECAB /* ScoutingTeamTableViewController.swift */ = {isa = PBXFileReference; lastKnownFileType = sourcecode.swift; path = ScoutingTeamTableViewController.swift; sourceTree = "<group>"; };
		93A254C923C307200033ECAB /* QRCodeManager.swift */ = {isa = PBXFileReference; lastKnownFileType = sourcecode.swift; path = QRCodeManager.swift; sourceTree = "<group>"; };
		93A254CB23C3DE6B0033ECAB /* CreateScoutingTeamTableViewController.swift */ = {isa = PBXFileReference; lastKnownFileType = sourcecode.swift; path = CreateScoutingTeamTableViewController.swift; sourceTree = "<group>"; };
		93A254CD23C3E2600033ECAB /* CreateScoutingTeamTableViewCell.swift */ = {isa = PBXFileReference; lastKnownFileType = sourcecode.swift; path = CreateScoutingTeamTableViewCell.swift; sourceTree = "<group>"; };
		93A254CF23C3F0590033ECAB /* JoinScoutingTeamTableViewController.swift */ = {isa = PBXFileReference; lastKnownFileType = sourcecode.swift; path = JoinScoutingTeamTableViewController.swift; sourceTree = "<group>"; };
		93A254D123C52F4D0033ECAB /* ConfirmJoinScoutingTeamViewController.swift */ = {isa = PBXFileReference; lastKnownFileType = sourcecode.swift; path = ConfirmJoinScoutingTeamViewController.swift; sourceTree = "<group>"; };
		93A38B392055EBA400B8B692 /* NoEventSelected.xib */ = {isa = PBXFileReference; lastKnownFileType = file.xib; path = NoEventSelected.xib; sourceTree = "<group>"; };
		93A38B3E2055F49F00B8B692 /* NoEventSelectedView.swift */ = {isa = PBXFileReference; lastKnownFileType = sourcecode.swift; path = NoEventSelectedView.swift; sourceTree = "<group>"; };
		93A3D9EF23BB0D4300C44A95 /* API.swift */ = {isa = PBXFileReference; fileEncoding = 4; lastKnownFileType = sourcecode.swift; path = API.swift; sourceTree = "<group>"; };
		93A3D9F223BDC35300C44A95 /* FRC Advanced Scouting Touchstone.entitlements */ = {isa = PBXFileReference; lastKnownFileType = text.plist.entitlements; path = "FRC Advanced Scouting Touchstone.entitlements"; sourceTree = SOURCE_ROOT; };
		93AADF4822E2572C00C37E2D /* EventSelectorTableViewController.swift */ = {isa = PBXFileReference; fileEncoding = 4; lastKnownFileType = sourcecode.swift; path = EventSelectorTableViewController.swift; sourceTree = "<group>"; };
		93AE997F1E3407A00000FB7C /* SSDataManager.swift */ = {isa = PBXFileReference; fileEncoding = 4; lastKnownFileType = sourcecode.swift; path = SSDataManager.swift; sourceTree = "<group>"; };
		93B5CE7023C960BC0025EDD1 /* FASTCompetitionModel.swift */ = {isa = PBXFileReference; lastKnownFileType = sourcecode.swift; path = FASTCompetitionModel.swift; sourceTree = "<group>"; };
		93B5CE7223CBD2610025EDD1 /* PitScoutingTableViewController.swift */ = {isa = PBXFileReference; lastKnownFileType = sourcecode.swift; path = PitScoutingTableViewController.swift; sourceTree = "<group>"; };
		93B5CE7423CC20F60025EDD1 /* PitScoutingTableViewCell.swift */ = {isa = PBXFileReference; lastKnownFileType = sourcecode.swift; path = PitScoutingTableViewCell.swift; sourceTree = "<group>"; };
		93B7195E22DE694D00B08FDD /* SceneDelegate.swift */ = {isa = PBXFileReference; lastKnownFileType = sourcecode.swift; path = SceneDelegate.swift; sourceTree = "<group>"; };
		93BCA617223B50AD00BF6467 /* OfflineSupport.swift */ = {isa = PBXFileReference; lastKnownFileType = sourcecode.swift; path = OfflineSupport.swift; sourceTree = "<group>"; };
		93C5B47B1E53FC9C007D309F /* TeamInfoScrollView.swift */ = {isa = PBXFileReference; fileEncoding = 4; lastKnownFileType = sourcecode.swift; path = TeamInfoScrollView.swift; sourceTree = "<group>"; };
		93C609231E67D035007A689D /* MatchOverviewDetailViewController.swift */ = {isa = PBXFileReference; fileEncoding = 4; lastKnownFileType = sourcecode.swift; path = MatchOverviewDetailViewController.swift; sourceTree = "<group>"; };
		93C609271E67D0CC007A689D /* MatchOverviewMasterViewController.swift */ = {isa = PBXFileReference; fileEncoding = 4; lastKnownFileType = sourcecode.swift; path = MatchOverviewMasterViewController.swift; sourceTree = "<group>"; };
		93D75B631E5D0866002CBED2 /* FieldLocationDisplayViewController.swift */ = {isa = PBXFileReference; fileEncoding = 4; lastKnownFileType = sourcecode.swift; path = FieldLocationDisplayViewController.swift; sourceTree = "<group>"; };
		93DA5163221E743600254BF3 /* ScoutSession.swift */ = {isa = PBXFileReference; lastKnownFileType = sourcecode.swift; path = ScoutSession.swift; sourceTree = "<group>"; };
		93E551F821CACDE0006C79A8 /* CognitoAuthProvider.swift */ = {isa = PBXFileReference; lastKnownFileType = sourcecode.swift; path = CognitoAuthProvider.swift; sourceTree = "<group>"; };
		93EABD2C232FFA0F000B6C0B /* Globals.swift */ = {isa = PBXFileReference; fileEncoding = 4; lastKnownFileType = sourcecode.swift; path = Globals.swift; sourceTree = "<group>"; };
		93EABD2F232FFA23000B6C0B /* EventSelectorRow.swift */ = {isa = PBXFileReference; fileEncoding = 4; lastKnownFileType = sourcecode.swift; path = EventSelectorRow.swift; sourceTree = "<group>"; };
		D1EBA735BA885680C38C6749 /* Pods-FRC Advanced Scouting Touchstone.release.xcconfig */ = {isa = PBXFileReference; includeInIndex = 1; lastKnownFileType = text.xcconfig; name = "Pods-FRC Advanced Scouting Touchstone.release.xcconfig"; path = "Pods/Target Support Files/Pods-FRC Advanced Scouting Touchstone/Pods-FRC Advanced Scouting Touchstone.release.xcconfig"; sourceTree = "<group>"; };
		E4D7923BBAD6512A9C4F3DBB /* Pods_FRC_Advanced_Scouting_Touchstone.framework */ = {isa = PBXFileReference; explicitFileType = wrapper.framework; includeInIndex = 0; path = Pods_FRC_Advanced_Scouting_Touchstone.framework; sourceTree = BUILT_PRODUCTS_DIR; };
/* End PBXFileReference section */

/* Begin PBXFrameworksBuildPhase section */
		1F78E77C1C3B469300221927 /* Frameworks */ = {
			isa = PBXFrameworksBuildPhase;
			buildActionMask = 2147483647;
			files = (
				DEE3AA58734C2CCE9C06727F /* Pods_FRC_Advanced_Scouting_Touchstone.framework in Frameworks */,
			);
			runOnlyForDeploymentPostprocessing = 0;
		};
		1F78E7931C3B469300221927 /* Frameworks */ = {
			isa = PBXFrameworksBuildPhase;
			buildActionMask = 2147483647;
			files = (
			);
			runOnlyForDeploymentPostprocessing = 0;
		};
		1F78E79E1C3B469300221927 /* Frameworks */ = {
			isa = PBXFrameworksBuildPhase;
			buildActionMask = 2147483647;
			files = (
			);
			runOnlyForDeploymentPostprocessing = 0;
		};
/* End PBXFrameworksBuildPhase section */

/* Begin PBXGroup section */
		1F21DF101C645D1F00C55D0E /* View Controllers */ = {
			isa = PBXGroup;
			children = (
				937BFD0520657EA5006FB3E0 /* Onboarding */,
				93D75B631E5D0866002CBED2 /* FieldLocationDisplayViewController.swift */,
				9353ADBB1E57ACF100120F1A /* MatchesTableViewController.swift */,
				9353ADC11E57B09D00120F1A /* MatchListTableViewCell.swift */,
				93EA7FF11E46A36E002EC8C7 /* Notes */,
				1F4178BF1CD02E4200801D5B /* Team List Detail */,
				9303DD1D22DFD4DA000D5178 /* EventSelector.swift */,
				93EABD2F232FFA23000B6C0B /* EventSelectorRow.swift */,
				93AADF4822E2572C00C37E2D /* EventSelectorTableViewController.swift */,
				9366C5AC20490AAD00A84C47 /* StatChartViewController.swift */,
				937C6829204C852600FAEDE8 /* EventStatsGraphViewController.swift */,
				937C682D204C86DB00FAEDE8 /* SelectStatsTableViewController.swift */,
				1F30CFC91C7E510100A4EFCA /* Admin Console */,
				1F4534131C6FFC13004EDDB9 /* Stands Scouting */,
				936594801E44198D008FF324 /* Pit Scouting */,
				93C609201E67CE9B007A689D /* Match Overview */,
				93A1E28D2223921900A782FC /* DeepSpaceWelcomeViewController.swift */,
			);
			name = "View Controllers";
			sourceTree = "<group>";
		};
		1F30CFC91C7E510100A4EFCA /* Admin Console */ = {
			isa = PBXGroup;
			children = (
				1F4FEDAB1C4B686000F4016D /* AdminConsoleController.swift */,
				93A254C523C055120033ECAB /* AdminConsoleConfigSections.swift */,
				93A254C723C192130033ECAB /* ScoutingTeamTableViewController.swift */,
				93A254CB23C3DE6B0033ECAB /* CreateScoutingTeamTableViewController.swift */,
				93A254CD23C3E2600033ECAB /* CreateScoutingTeamTableViewCell.swift */,
				93A254CF23C3F0590033ECAB /* JoinScoutingTeamTableViewController.swift */,
				93A254D123C52F4D0033ECAB /* ConfirmJoinScoutingTeamViewController.swift */,
				1F1C23D91E07673E008885A1 /* AddEventTableViewController.swift */,
				932C344B1E12DC2600A23203 /* EventInfoVC.swift */,
				936572DE1E160EBB00439728 /* AboutViewController.swift */,
			);
			name = "Admin Console";
			sourceTree = "<group>";
		};
		1F4178BF1CD02E4200801D5B /* Team List Detail */ = {
			isa = PBXGroup;
			children = (
				1FDC1BCD1CD69EBB00ABE327 /* FASTMainSplitViewController.swift */,
				1FDC1BD01CD69F5F00ABE327 /* TeamListTableViewController.swift */,
				1FD0A09A1C95093600013A18 /* TeamListTableViewCell.swift */,
				1FDC1BD21CD6A35F00ABE327 /* TeamListDetailViewController.swift */,
				936967F01E4FB1F7001DB15D /* TeamDetailCollectionViewController.swift */,
				1F21DF111C66942200C55D0E /* SortVC.swift */,
				93C5B47B1E53FC9C007D309F /* TeamInfoScrollView.swift */,
			);
			name = "Team List Detail";
			sourceTree = "<group>";
		};
		1F4534131C6FFC13004EDDB9 /* Stands Scouting */ = {
			isa = PBXGroup;
			children = (
				1F45340F1C6FF916004EDDB9 /* StandsScoutingViewController.swift */,
				9317C03A201ECFEF00F1E907 /* SSGameScoutingViewController.swift */,
				934F4C542212754400A6F5FE /* SSGameStateViewController.swift */,
				932ED30A221523CA00396A41 /* OptionSelectorViewController.swift */,
				1F12CF171C7A6CD70014200C /* Stopwatch.swift */,
			);
			name = "Stands Scouting";
			sourceTree = "<group>";
		};
		1F78E7761C3B469300221927 = {
			isa = PBXGroup;
			children = (
				1F78E7811C3B469300221927 /* FRC Advanced Scouting Touchstone */,
				1F78E7991C3B469300221927 /* FRC Advanced Scouting TouchstoneTests */,
				1F78E7A41C3B469300221927 /* FRC Advanced Scouting TouchstoneUITests */,
				1F78E7801C3B469300221927 /* Products */,
				247597E7D320F6FF4FC40A15 /* Frameworks */,
				4AB965E7B0147DAF334F9B64 /* Pods */,
				931428C023D150DC001602DA /* Recovered References */,
			);
			sourceTree = "<group>";
		};
		1F78E7801C3B469300221927 /* Products */ = {
			isa = PBXGroup;
			children = (
				1F78E77F1C3B469300221927 /* FRC Advanced Scouting Touchstone.app */,
				1F78E7961C3B469300221927 /* FRC Advanced Scouting Touchstone Tests.xctest */,
				1F78E7A11C3B469300221927 /* FRC Advanced Scouting Touchstone UI Tests.xctest */,
			);
			name = Products;
			sourceTree = "<group>";
		};
		1F78E7811C3B469300221927 /* FRC Advanced Scouting Touchstone */ = {
			isa = PBXGroup;
			children = (
				93A3D9F223BDC35300C44A95 /* FRC Advanced Scouting Touchstone.entitlements */,
				93EABD2C232FFA0F000B6C0B /* Globals.swift */,
				1F78E7821C3B469300221927 /* AppDelegate.swift */,
				931428C123D15193001602DA /* SceneDelegate.swift */,
				9339A9B12223408A00D3D82C /* AppSyncExtensions.swift */,
				93E551F821CACDE0006C79A8 /* CognitoAuthProvider.swift */,
				9351017321F42D6000D402FE /* AWSDataManager.swift */,
				93BCA617223B50AD00BF6467 /* OfflineSupport.swift */,
				93A3D9EF23BB0D4300C44A95 /* API.swift */,
				9351017521F4DEB600D402FE /* ImageScalingFunctions.swift */,
				93DA5162221E741A00254BF3 /* Statistics Extensions */,
				934F4C4F22112BBB00A6F5FE /* Stands Scouting Data Model */,
				93B5CE7023C960BC0025EDD1 /* FASTCompetitionModel.swift */,
				938E0B3B2056D85C00666FA7 /* FASTAsyncManager.swift */,
				9342D6BB222C58AB006A1A79 /* TeamimageLoader.swift */,
				93A254C923C307200033ECAB /* QRCodeManager.swift */,
				93A38B3D2055EBAA00B8B692 /* Views */,
				1F21DF101C645D1F00C55D0E /* View Controllers */,
				936572E01E1610CA00439728 /* About.rtf */,
				1F78E7861C3B469300221927 /* Main.storyboard */,
				1F78E78C1C3B469300221927 /* Assets.xcassets */,
				1F78E78E1C3B469300221927 /* LaunchScreen.storyboard */,
				1F78E7911C3B469300221927 /* Info.plist */,
				933D21501E609BF7008C8276 /* Additional Licenses.plist */,
				933D214A1E609A04008C8276 /* Pods-acknowledgments.plist */,
				938BEC1A22029ED4002B39D7 /* awsconfiguration.json */,
				9342D6BF222F5BAA006A1A79 /* GoogleService-Info.plist */,
			);
			name = "FRC Advanced Scouting Touchstone";
			path = "FRC Advanced Scouting Telemetrics";
			sourceTree = "<group>";
		};
		1F78E7991C3B469300221927 /* FRC Advanced Scouting TouchstoneTests */ = {
			isa = PBXGroup;
			children = (
				1F78E79C1C3B469300221927 /* Info.plist */,
				938D9CB01E1B05BA00A5E522 /* FASTTests.swift */,
			);
			name = "FRC Advanced Scouting TouchstoneTests";
			path = "FRC Advanced Scouting TelemetricsTests";
			sourceTree = "<group>";
		};
		1F78E7A41C3B469300221927 /* FRC Advanced Scouting TouchstoneUITests */ = {
			isa = PBXGroup;
			children = (
				1F78E7A51C3B469300221927 /* FRC_Advanced_Scouting_TelemetricsUITests.swift */,
				1F78E7A71C3B469300221927 /* Info.plist */,
			);
			name = "FRC Advanced Scouting TouchstoneUITests";
			path = "FRC Advanced Scouting TelemetricsUITests";
			sourceTree = "<group>";
		};
		247597E7D320F6FF4FC40A15 /* Frameworks */ = {
			isa = PBXGroup;
			children = (
				1F9B78241CD07C7000B4E5AE /* NYTPhotoViewer.framework */,
				1FDE56921CCD376B009042CD /* opencv2.framework */,
				1C713CB13EB7BA66AC808E54 /* Pods.framework */,
				E4D7923BBAD6512A9C4F3DBB /* Pods_FRC_Advanced_Scouting_Touchstone.framework */,
			);
			name = Frameworks;
			sourceTree = "<group>";
		};
		4AB965E7B0147DAF334F9B64 /* Pods */ = {
			isa = PBXGroup;
			children = (
				789856AA1C2E7793DD302784 /* Pods-FRC Advanced Scouting Touchstone.debug.xcconfig */,
				D1EBA735BA885680C38C6749 /* Pods-FRC Advanced Scouting Touchstone.release.xcconfig */,
			);
			name = Pods;
			sourceTree = "<group>";
		};
		931428C023D150DC001602DA /* Recovered References */ = {
			isa = PBXGroup;
			children = (
				93B7195E22DE694D00B08FDD /* SceneDelegate.swift */,
			);
			name = "Recovered References";
			sourceTree = "<group>";
		};
		934F4C4F22112BBB00A6F5FE /* Stands Scouting Data Model */ = {
			isa = PBXGroup;
			children = (
				93AE997F1E3407A00000FB7C /* SSDataManager.swift */,
			);
			name = "Stands Scouting Data Model";
			sourceTree = "<group>";
		};
		936594801E44198D008FF324 /* Pit Scouting */ = {
			isa = PBXGroup;
			children = (
				93B5CE7223CBD2610025EDD1 /* PitScoutingTableViewController.swift */,
				93B5CE7423CC20F60025EDD1 /* PitScoutingTableViewCell.swift */,
			);
			name = "Pit Scouting";
			sourceTree = "<group>";
		};
		937BFD0520657EA5006FB3E0 /* Onboarding */ = {
			isa = PBXGroup;
			children = (
				937BFD012064D1B4006FB3E0 /* OnboardingPageViewController.swift */,
				93780A2920797487000B4565 /* WelcomePageViewController.swift */,
				937BFD0320657E9E006FB3E0 /* OnboardingPathChooserViewController.swift */,
				93780A2D20799E7D000B4565 /* LoginPromotionalViewController.swift */,
				93780A2F20799F9C000B4565 /* LoginPromotionalText.rtf */,
			);
			name = Onboarding;
			sourceTree = "<group>";
		};
		93A38B3D2055EBAA00B8B692 /* Views */ = {
			isa = PBXGroup;
			children = (
				93A38B392055EBA400B8B692 /* NoEventSelected.xib */,
				93A38B3E2055F49F00B8B692 /* NoEventSelectedView.swift */,
			);
			name = Views;
			sourceTree = "<group>";
		};
		93C609201E67CE9B007A689D /* Match Overview */ = {
			isa = PBXGroup;
			children = (
				93C609271E67D0CC007A689D /* MatchOverviewMasterViewController.swift */,
				93C609231E67D035007A689D /* MatchOverviewDetailViewController.swift */,
				935A2B051E6CDC4C008FEF9D /* MatchOverviewPerformanceDetailViewController.swift */,
				935A2B091E6E6968008FEF9D /* TimeMarkerDetailViewController.swift */,
				935A2B071E6E5560008FEF9D /* MatchOverviewTimeMarkerTableViewCell.swift */,
			);
			name = "Match Overview";
			sourceTree = "<group>";
		};
		93DA5162221E741A00254BF3 /* Statistics Extensions */ = {
			isa = PBXGroup;
			children = (
				1FBB426C1C9A29FC0017E36C /* Statistics.swift */,
				9349621E21E9A40500F761BD /* ScoutedTeamStats.swift */,
				93DA5163221E743600254BF3 /* ScoutSession.swift */,
				93633B1E200D9B29000EC83A /* Match.swift */,
			);
			name = "Statistics Extensions";
			sourceTree = "<group>";
		};
		93EA7FF11E46A36E002EC8C7 /* Notes */ = {
			isa = PBXGroup;
			children = (
				9300196B20537B0C00E10CDC /* TeamCommentsTableViewController.swift */,
				937E9C951E40468300D0ED76 /* SuperNotesCollectionViewController.swift */,
				932354451E41686B0039386A /* SuperNotesCollectionViewCell.swift */,
			);
			name = Notes;
			sourceTree = "<group>";
		};
/* End PBXGroup section */

/* Begin PBXNativeTarget section */
		1F78E77E1C3B469300221927 /* FRC Advanced Scouting Touchstone */ = {
			isa = PBXNativeTarget;
			buildConfigurationList = 1F78E7AA1C3B469300221927 /* Build configuration list for PBXNativeTarget "FRC Advanced Scouting Touchstone" */;
			buildPhases = (
				7029C9BB4A042B60DCDD86C4 /* [CP] Check Pods Manifest.lock */,
				1F78E77B1C3B469300221927 /* Sources */,
				1F78E77C1C3B469300221927 /* Frameworks */,
				1F78E77D1C3B469300221927 /* Resources */,
				93610E301E42E2B200856BE2 /* Increment Build Number */,
				1F7AE4DF1DCC2DC80029B420 /* Embed Frameworks */,
				57ABF9A67635DC59BFEDA095 /* [CP] Embed Pods Frameworks */,
				9342D6C1222F5C3D006A1A79 /* Primary Upload dSYMs */,
				9339A9B52223553B00D3D82C /* Run Crashlytics Script */,
			);
			buildRules = (
			);
			dependencies = (
			);
			name = "FRC Advanced Scouting Touchstone";
			productName = "FRC Advanced Scouting Telemetrics";
			productReference = 1F78E77F1C3B469300221927 /* FRC Advanced Scouting Touchstone.app */;
			productType = "com.apple.product-type.application";
		};
		1F78E7951C3B469300221927 /* FRC Advanced Scouting TouchstoneTests */ = {
			isa = PBXNativeTarget;
			buildConfigurationList = 1F78E7AD1C3B469300221927 /* Build configuration list for PBXNativeTarget "FRC Advanced Scouting TouchstoneTests" */;
			buildPhases = (
				1F78E7921C3B469300221927 /* Sources */,
				1F78E7931C3B469300221927 /* Frameworks */,
				1F78E7941C3B469300221927 /* Resources */,
			);
			buildRules = (
			);
			dependencies = (
				1F78E7981C3B469300221927 /* PBXTargetDependency */,
			);
			name = "FRC Advanced Scouting TouchstoneTests";
			productName = "FRC Advanced Scouting TelemetricsTests";
			productReference = 1F78E7961C3B469300221927 /* FRC Advanced Scouting Touchstone Tests.xctest */;
			productType = "com.apple.product-type.bundle.unit-test";
		};
		1F78E7A01C3B469300221927 /* FRC Advanced Scouting TouchstoneUITests */ = {
			isa = PBXNativeTarget;
			buildConfigurationList = 1F78E7B01C3B469300221927 /* Build configuration list for PBXNativeTarget "FRC Advanced Scouting TouchstoneUITests" */;
			buildPhases = (
				1F78E79D1C3B469300221927 /* Sources */,
				1F78E79E1C3B469300221927 /* Frameworks */,
				1F78E79F1C3B469300221927 /* Resources */,
			);
			buildRules = (
			);
			dependencies = (
				1F78E7A31C3B469300221927 /* PBXTargetDependency */,
			);
			name = "FRC Advanced Scouting TouchstoneUITests";
			productName = "FRC Advanced Scouting TelemetricsUITests";
			productReference = 1F78E7A11C3B469300221927 /* FRC Advanced Scouting Touchstone UI Tests.xctest */;
			productType = "com.apple.product-type.bundle.ui-testing";
		};
/* End PBXNativeTarget section */

/* Begin PBXProject section */
		1F78E7771C3B469300221927 /* Project object */ = {
			isa = PBXProject;
			attributes = {
				LastSwiftUpdateCheck = 0720;
				LastUpgradeCheck = 0930;
				ORGANIZATIONNAME = "Kampfire Technologies";
				TargetAttributes = {
					1F78E77E1C3B469300221927 = {
						CreatedOnToolsVersion = 7.2;
						DevelopmentTeam = 3T77TK2ECU;
						LastSwiftMigration = 0920;
						ProvisioningStyle = Automatic;
						SystemCapabilities = {
							com.apple.Siri = {
								enabled = 0;
							};
						};
					};
					1F78E7951C3B469300221927 = {
						CreatedOnToolsVersion = 7.2;
						DevelopmentTeam = 3T77TK2ECU;
						LastSwiftMigration = 0920;
						ProvisioningStyle = Automatic;
						TestTargetID = 1F78E77E1C3B469300221927;
					};
					1F78E7A01C3B469300221927 = {
						CreatedOnToolsVersion = 7.2;
						LastSwiftMigration = 0920;
						TestTargetID = 1F78E77E1C3B469300221927;
					};
				};
			};
			buildConfigurationList = 1F78E77A1C3B469300221927 /* Build configuration list for PBXProject "FRC Advanced Scouting Touchstone" */;
			compatibilityVersion = "Xcode 3.2";
			developmentRegion = English;
			hasScannedForEncodings = 0;
			knownRegions = (
				English,
				en,
				Base,
			);
			mainGroup = 1F78E7761C3B469300221927;
			productRefGroup = 1F78E7801C3B469300221927 /* Products */;
			projectDirPath = "";
			projectRoot = "";
			targets = (
				1F78E77E1C3B469300221927 /* FRC Advanced Scouting Touchstone */,
				1F78E7A01C3B469300221927 /* FRC Advanced Scouting TouchstoneUITests */,
				1F78E7951C3B469300221927 /* FRC Advanced Scouting TouchstoneTests */,
			);
		};
/* End PBXProject section */

/* Begin PBXResourcesBuildPhase section */
		1F78E77D1C3B469300221927 /* Resources */ = {
			isa = PBXResourcesBuildPhase;
			buildActionMask = 2147483647;
			files = (
				1F78E7901C3B469300221927 /* LaunchScreen.storyboard in Resources */,
				1F78E78D1C3B469300221927 /* Assets.xcassets in Resources */,
				933D21511E609BF7008C8276 /* Additional Licenses.plist in Resources */,
				936572E11E1610CA00439728 /* About.rtf in Resources */,
				93A38B3A2055EBA400B8B692 /* NoEventSelected.xib in Resources */,
				938BEC1B22029ED9002B39D7 /* awsconfiguration.json in Resources */,
				933D214B1E609A04008C8276 /* Pods-acknowledgments.plist in Resources */,
				9342D6C0222F5BAC006A1A79 /* GoogleService-Info.plist in Resources */,
				93780A3020799F9C000B4565 /* LoginPromotionalText.rtf in Resources */,
				1F78E7881C3B469300221927 /* Main.storyboard in Resources */,
			);
			runOnlyForDeploymentPostprocessing = 0;
		};
		1F78E7941C3B469300221927 /* Resources */ = {
			isa = PBXResourcesBuildPhase;
			buildActionMask = 2147483647;
			files = (
			);
			runOnlyForDeploymentPostprocessing = 0;
		};
		1F78E79F1C3B469300221927 /* Resources */ = {
			isa = PBXResourcesBuildPhase;
			buildActionMask = 2147483647;
			files = (
			);
			runOnlyForDeploymentPostprocessing = 0;
		};
/* End PBXResourcesBuildPhase section */

/* Begin PBXShellScriptBuildPhase section */
		57ABF9A67635DC59BFEDA095 /* [CP] Embed Pods Frameworks */ = {
			isa = PBXShellScriptBuildPhase;
			buildActionMask = 2147483647;
			files = (
			);
			inputPaths = (
				"${SRCROOT}/Pods/Target Support Files/Pods-FRC Advanced Scouting Touchstone/Pods-FRC Advanced Scouting Touchstone-frameworks.sh",
				"${BUILT_PRODUCTS_DIR}/AWSAppSync/AWSAppSync.framework",
				"${BUILT_PRODUCTS_DIR}/AWSAuthCore/AWSAuthCore.framework",
				"${BUILT_PRODUCTS_DIR}/AWSAuthUI/AWSAuthUI.framework",
				"${BUILT_PRODUCTS_DIR}/AWSCognitoIdentityProvider/AWSCognitoIdentityProvider.framework",
				"${BUILT_PRODUCTS_DIR}/AWSCognitoIdentityProviderASF/AWSCognitoIdentityProviderASF.framework",
				"${BUILT_PRODUCTS_DIR}/AWSCore/AWSCore.framework",
				"${BUILT_PRODUCTS_DIR}/AWSMobileClient/AWSMobileClient.framework",
				"${BUILT_PRODUCTS_DIR}/AWSS3/AWSS3.framework",
				"${BUILT_PRODUCTS_DIR}/AWSUserPoolsSignIn/AWSUserPoolsSignIn.framework",
				"${BUILT_PRODUCTS_DIR}/BRYSerialAnimationQueue/BRYSerialAnimationQueue.framework",
				"${BUILT_PRODUCTS_DIR}/Charts/Charts.framework",
				"${BUILT_PRODUCTS_DIR}/FLAnimatedImage/FLAnimatedImage.framework",
				"${BUILT_PRODUCTS_DIR}/GMStepper/GMStepper.framework",
				"${BUILT_PRODUCTS_DIR}/GTMSessionFetcher/GTMSessionFetcher.framework",
				"${BUILT_PRODUCTS_DIR}/GoogleToolboxForMac/GoogleToolboxForMac.framework",
				"${BUILT_PRODUCTS_DIR}/GoogleUtilities/GoogleUtilities.framework",
				"${BUILT_PRODUCTS_DIR}/NYTPhotoViewer/NYTPhotoViewer.framework",
				"${BUILT_PRODUCTS_DIR}/Protobuf/protobuf.framework",
				"${BUILT_PRODUCTS_DIR}/ReachabilitySwift/Reachability.framework",
				"${BUILT_PRODUCTS_DIR}/SQLite.swift/SQLite.framework",
				"${BUILT_PRODUCTS_DIR}/SSBouncyButton/SSBouncyButton.framework",
				"${BUILT_PRODUCTS_DIR}/Starscream/Starscream.framework",
				"${BUILT_PRODUCTS_DIR}/TORoundedTableView/TORoundedTableView.framework",
				"${BUILT_PRODUCTS_DIR}/UICircularProgressRing/UICircularProgressRing.framework",
				"${BUILT_PRODUCTS_DIR}/UIColor-Hex/UIColor_Hex.framework",
				"${BUILT_PRODUCTS_DIR}/UIImage+BetterAdditions/UIImage_BetterAdditions.framework",
				"${BUILT_PRODUCTS_DIR}/VTAcknowledgementsViewController/VTAcknowledgementsViewController.framework",
				"${BUILT_PRODUCTS_DIR}/nanopb/nanopb.framework",
			);
			name = "[CP] Embed Pods Frameworks";
			outputPaths = (
				"${TARGET_BUILD_DIR}/${FRAMEWORKS_FOLDER_PATH}/AWSAppSync.framework",
				"${TARGET_BUILD_DIR}/${FRAMEWORKS_FOLDER_PATH}/AWSAuthCore.framework",
				"${TARGET_BUILD_DIR}/${FRAMEWORKS_FOLDER_PATH}/AWSAuthUI.framework",
				"${TARGET_BUILD_DIR}/${FRAMEWORKS_FOLDER_PATH}/AWSCognitoIdentityProvider.framework",
				"${TARGET_BUILD_DIR}/${FRAMEWORKS_FOLDER_PATH}/AWSCognitoIdentityProviderASF.framework",
				"${TARGET_BUILD_DIR}/${FRAMEWORKS_FOLDER_PATH}/AWSCore.framework",
				"${TARGET_BUILD_DIR}/${FRAMEWORKS_FOLDER_PATH}/AWSMobileClient.framework",
				"${TARGET_BUILD_DIR}/${FRAMEWORKS_FOLDER_PATH}/AWSS3.framework",
				"${TARGET_BUILD_DIR}/${FRAMEWORKS_FOLDER_PATH}/AWSUserPoolsSignIn.framework",
				"${TARGET_BUILD_DIR}/${FRAMEWORKS_FOLDER_PATH}/BRYSerialAnimationQueue.framework",
				"${TARGET_BUILD_DIR}/${FRAMEWORKS_FOLDER_PATH}/Charts.framework",
				"${TARGET_BUILD_DIR}/${FRAMEWORKS_FOLDER_PATH}/FLAnimatedImage.framework",
				"${TARGET_BUILD_DIR}/${FRAMEWORKS_FOLDER_PATH}/GMStepper.framework",
				"${TARGET_BUILD_DIR}/${FRAMEWORKS_FOLDER_PATH}/GTMSessionFetcher.framework",
				"${TARGET_BUILD_DIR}/${FRAMEWORKS_FOLDER_PATH}/GoogleToolboxForMac.framework",
				"${TARGET_BUILD_DIR}/${FRAMEWORKS_FOLDER_PATH}/GoogleUtilities.framework",
				"${TARGET_BUILD_DIR}/${FRAMEWORKS_FOLDER_PATH}/NYTPhotoViewer.framework",
				"${TARGET_BUILD_DIR}/${FRAMEWORKS_FOLDER_PATH}/protobuf.framework",
				"${TARGET_BUILD_DIR}/${FRAMEWORKS_FOLDER_PATH}/Reachability.framework",
				"${TARGET_BUILD_DIR}/${FRAMEWORKS_FOLDER_PATH}/SQLite.framework",
				"${TARGET_BUILD_DIR}/${FRAMEWORKS_FOLDER_PATH}/SSBouncyButton.framework",
				"${TARGET_BUILD_DIR}/${FRAMEWORKS_FOLDER_PATH}/Starscream.framework",
				"${TARGET_BUILD_DIR}/${FRAMEWORKS_FOLDER_PATH}/TORoundedTableView.framework",
				"${TARGET_BUILD_DIR}/${FRAMEWORKS_FOLDER_PATH}/UICircularProgressRing.framework",
				"${TARGET_BUILD_DIR}/${FRAMEWORKS_FOLDER_PATH}/UIColor_Hex.framework",
				"${TARGET_BUILD_DIR}/${FRAMEWORKS_FOLDER_PATH}/UIImage_BetterAdditions.framework",
				"${TARGET_BUILD_DIR}/${FRAMEWORKS_FOLDER_PATH}/VTAcknowledgementsViewController.framework",
				"${TARGET_BUILD_DIR}/${FRAMEWORKS_FOLDER_PATH}/nanopb.framework",
			);
			runOnlyForDeploymentPostprocessing = 0;
			shellPath = /bin/sh;
			shellScript = "\"${SRCROOT}/Pods/Target Support Files/Pods-FRC Advanced Scouting Touchstone/Pods-FRC Advanced Scouting Touchstone-frameworks.sh\"\n";
			showEnvVarsInLog = 0;
		};
		7029C9BB4A042B60DCDD86C4 /* [CP] Check Pods Manifest.lock */ = {
			isa = PBXShellScriptBuildPhase;
			buildActionMask = 2147483647;
			files = (
			);
			inputPaths = (
				"${PODS_PODFILE_DIR_PATH}/Podfile.lock",
				"${PODS_ROOT}/Manifest.lock",
			);
			name = "[CP] Check Pods Manifest.lock";
			outputPaths = (
				"$(DERIVED_FILE_DIR)/Pods-FRC Advanced Scouting Touchstone-checkManifestLockResult.txt",
			);
			runOnlyForDeploymentPostprocessing = 0;
			shellPath = /bin/sh;
			shellScript = "diff \"${PODS_PODFILE_DIR_PATH}/Podfile.lock\" \"${PODS_ROOT}/Manifest.lock\" > /dev/null\nif [ $? != 0 ] ; then\n    # print error to STDERR\n    echo \"error: The sandbox is not in sync with the Podfile.lock. Run 'pod install' or update your CocoaPods installation.\" >&2\n    exit 1\nfi\n# This output is used by Xcode 'outputs' to avoid re-running this script phase.\necho \"SUCCESS\" > \"${SCRIPT_OUTPUT_FILE_0}\"\n";
			showEnvVarsInLog = 0;
		};
		9339A9B52223553B00D3D82C /* Run Crashlytics Script */ = {
			isa = PBXShellScriptBuildPhase;
			buildActionMask = 8;
			files = (
			);
			inputPaths = (
				"$(BUILT_PRODUCTS_DIR)/$(INFOPLIST_PATH)",
			);
			name = "Run Crashlytics Script";
			outputPaths = (
			);
			runOnlyForDeploymentPostprocessing = 1;
			shellPath = /bin/sh;
			shellScript = "# Type a script or drag a script file from your workspace to insert its path.\n\"${PODS_ROOT}/Fabric/run\" 69885bcf9ab40dc49ae9c921bfc14f173744a153\n";
		};
		9342D6C1222F5C3D006A1A79 /* Primary Upload dSYMs */ = {
			isa = PBXShellScriptBuildPhase;
			buildActionMask = 2147483647;
			files = (
			);
			inputPaths = (
			);
			name = "Primary Upload dSYMs";
			outputPaths = (
			);
			runOnlyForDeploymentPostprocessing = 0;
			shellPath = /bin/sh;
			shellScript = "# Type a script or drag a script file from your workspace to insert its path.\n# \"${PODS_ROOT}/Fabric/upload-symbols\" -gsp \"${PROJECT_DIR}/GoogleService-Info.plist\" -p ios \"${DWARF_DSYM_FOLDER_PATH}/${DWARF_DSYM_FILE_NAME}\"\n";
		};
		93610E301E42E2B200856BE2 /* Increment Build Number */ = {
			isa = PBXShellScriptBuildPhase;
			buildActionMask = 2147483647;
			files = (
			);
			inputPaths = (
			);
			name = "Increment Build Number";
			outputPaths = (
			);
			runOnlyForDeploymentPostprocessing = 0;
			shellPath = /bin/sh;
			shellScript = "buildNumber=$(/usr/libexec/PlistBuddy -c \"Print CFBundleVersion\" \"${PROJECT_DIR}/${INFOPLIST_FILE}\")\nbuildNumber=$(($buildNumber + 1))\n/usr/libexec/PlistBuddy -c \"Set :CFBundleVersion $buildNumber\" \"${PROJECT_DIR}/${INFOPLIST_FILE}\"\n";
		};
/* End PBXShellScriptBuildPhase section */

/* Begin PBXSourcesBuildPhase section */
		1F78E77B1C3B469300221927 /* Sources */ = {
			isa = PBXSourcesBuildPhase;
			buildActionMask = 2147483647;
			files = (
				93E551F921CACDE0006C79A8 /* CognitoAuthProvider.swift in Sources */,
				93EABD2E232FFA0F000B6C0B /* Globals.swift in Sources */,
				938E0B3C2056D85C00666FA7 /* FASTAsyncManager.swift in Sources */,
				935A2B0A1E6E6968008FEF9D /* TimeMarkerDetailViewController.swift in Sources */,
				93B5CE7323CBD2610025EDD1 /* PitScoutingTableViewController.swift in Sources */,
				932354461E41686B0039386A /* SuperNotesCollectionViewCell.swift in Sources */,
				1FDC1BD11CD69F5F00ABE327 /* TeamListTableViewController.swift in Sources */,
				937C682A204C852600FAEDE8 /* EventStatsGraphViewController.swift in Sources */,
				93A254C623C055120033ECAB /* AdminConsoleConfigSections.swift in Sources */,
				93A38B3F2055F49F00B8B692 /* NoEventSelectedView.swift in Sources */,
				932C344C1E12DC2600A23203 /* EventInfoVC.swift in Sources */,
				9353ADC21E57B09D00120F1A /* MatchListTableViewCell.swift in Sources */,
				93B7195F22DE694D00B08FDD /* SceneDelegate.swift in Sources */,
				9300196C20537B0C00E10CDC /* TeamCommentsTableViewController.swift in Sources */,
				93C609281E67D0CC007A689D /* MatchOverviewMasterViewController.swift in Sources */,
				1F1C23DA1E07673E008885A1 /* AddEventTableViewController.swift in Sources */,
				93A3D9F023BB0D4400C44A95 /* API.swift in Sources */,
				1F78E7831C3B469300221927 /* AppDelegate.swift in Sources */,
				937BFD0420657E9E006FB3E0 /* OnboardingPathChooserViewController.swift in Sources */,
				9353ADBC1E57ACF100120F1A /* MatchesTableViewController.swift in Sources */,
				9342D6BC222C58AB006A1A79 /* TeamimageLoader.swift in Sources */,
				93C5B47C1E53FC9C007D309F /* TeamInfoScrollView.swift in Sources */,
				93A254CC23C3DE6B0033ECAB /* CreateScoutingTeamTableViewController.swift in Sources */,
				93C609241E67D035007A689D /* MatchOverviewDetailViewController.swift in Sources */,
				9366C5AD20490AAD00A84C47 /* StatChartViewController.swift in Sources */,
				1FD0A09B1C95093600013A18 /* TeamListTableViewCell.swift in Sources */,
				93A254D223C52F4D0033ECAB /* ConfirmJoinScoutingTeamViewController.swift in Sources */,
				93A254C823C192140033ECAB /* ScoutingTeamTableViewController.swift in Sources */,
				93EABD30232FFA23000B6C0B /* EventSelectorRow.swift in Sources */,
				931428C223D15193001602DA /* SceneDelegate.swift in Sources */,
				932ED30B221523CA00396A41 /* OptionSelectorViewController.swift in Sources */,
				93DA5164221E743600254BF3 /* ScoutSession.swift in Sources */,
				1FBB426D1C9A29FC0017E36C /* Statistics.swift in Sources */,
				93D75B641E5D0866002CBED2 /* FieldLocationDisplayViewController.swift in Sources */,
				93A1E28E2223921900A782FC /* DeepSpaceWelcomeViewController.swift in Sources */,
				936967F11E4FB1F7001DB15D /* TeamDetailCollectionViewController.swift in Sources */,
				937C682E204C86DB00FAEDE8 /* SelectStatsTableViewController.swift in Sources */,
				937BFD022064D1B4006FB3E0 /* OnboardingPageViewController.swift in Sources */,
				93633B1F200D9B29000EC83A /* Match.swift in Sources */,
				935A2B061E6CDC4C008FEF9D /* MatchOverviewPerformanceDetailViewController.swift in Sources */,
				9349621F21E9A40500F761BD /* ScoutedTeamStats.swift in Sources */,
				1FDC1BD31CD6A35F00ABE327 /* TeamListDetailViewController.swift in Sources */,
				93BCA618223B50AD00BF6467 /* OfflineSupport.swift in Sources */,
				93B5CE7123C960BD0025EDD1 /* FASTCompetitionModel.swift in Sources */,
				936572DF1E160EBB00439728 /* AboutViewController.swift in Sources */,
				93A254CA23C307200033ECAB /* QRCodeManager.swift in Sources */,
				934F4C552212754400A6F5FE /* SSGameStateViewController.swift in Sources */,
				9351017621F4DEB700D402FE /* ImageScalingFunctions.swift in Sources */,
				1F4534101C6FF916004EDDB9 /* StandsScoutingViewController.swift in Sources */,
				93A254CE23C3E2600033ECAB /* CreateScoutingTeamTableViewCell.swift in Sources */,
				9351017421F42D6000D402FE /* AWSDataManager.swift in Sources */,
				93780A2A20797487000B4565 /* WelcomePageViewController.swift in Sources */,
				9339A9B22223408A00D3D82C /* AppSyncExtensions.swift in Sources */,
				1FDC1BCE1CD69EBB00ABE327 /* FASTMainSplitViewController.swift in Sources */,
				93B5CE7523CC20F60025EDD1 /* PitScoutingTableViewCell.swift in Sources */,
				9303DD1E22DFD4DA000D5178 /* EventSelector.swift in Sources */,
				93A254D023C3F0590033ECAB /* JoinScoutingTeamTableViewController.swift in Sources */,
				1F21DF121C66942200C55D0E /* SortVC.swift in Sources */,
				93AADF4922E2572C00C37E2D /* EventSelectorTableViewController.swift in Sources */,
				93780A2E20799E7D000B4565 /* LoginPromotionalViewController.swift in Sources */,
				9317C03B201ECFEF00F1E907 /* SSGameScoutingViewController.swift in Sources */,
				1F4FEDAC1C4B686000F4016D /* AdminConsoleController.swift in Sources */,
				937E9C961E40468300D0ED76 /* SuperNotesCollectionViewController.swift in Sources */,
				1F12CF181C7A6CD70014200C /* Stopwatch.swift in Sources */,
				93AE99801E3407A00000FB7C /* SSDataManager.swift in Sources */,
				935A2B081E6E5560008FEF9D /* MatchOverviewTimeMarkerTableViewCell.swift in Sources */,
			);
			runOnlyForDeploymentPostprocessing = 0;
		};
		1F78E7921C3B469300221927 /* Sources */ = {
			isa = PBXSourcesBuildPhase;
			buildActionMask = 2147483647;
			files = (
				93BA599E1E2C95F200171D72 /* FASTTests.swift in Sources */,
			);
			runOnlyForDeploymentPostprocessing = 0;
		};
		1F78E79D1C3B469300221927 /* Sources */ = {
			isa = PBXSourcesBuildPhase;
			buildActionMask = 2147483647;
			files = (
				1F78E7A61C3B469300221927 /* FRC_Advanced_Scouting_TelemetricsUITests.swift in Sources */,
			);
			runOnlyForDeploymentPostprocessing = 0;
		};
/* End PBXSourcesBuildPhase section */

/* Begin PBXTargetDependency section */
		1F78E7981C3B469300221927 /* PBXTargetDependency */ = {
			isa = PBXTargetDependency;
			target = 1F78E77E1C3B469300221927 /* FRC Advanced Scouting Touchstone */;
			targetProxy = 1F78E7971C3B469300221927 /* PBXContainerItemProxy */;
		};
		1F78E7A31C3B469300221927 /* PBXTargetDependency */ = {
			isa = PBXTargetDependency;
			target = 1F78E77E1C3B469300221927 /* FRC Advanced Scouting Touchstone */;
			targetProxy = 1F78E7A21C3B469300221927 /* PBXContainerItemProxy */;
		};
/* End PBXTargetDependency section */

/* Begin PBXVariantGroup section */
		1F78E7861C3B469300221927 /* Main.storyboard */ = {
			isa = PBXVariantGroup;
			children = (
				1F78E7871C3B469300221927 /* Base */,
			);
			name = Main.storyboard;
			sourceTree = "<group>";
		};
		1F78E78E1C3B469300221927 /* LaunchScreen.storyboard */ = {
			isa = PBXVariantGroup;
			children = (
				1F78E78F1C3B469300221927 /* Base */,
			);
			name = LaunchScreen.storyboard;
			sourceTree = "<group>";
		};
/* End PBXVariantGroup section */

/* Begin XCBuildConfiguration section */
		1F78E7A81C3B469300221927 /* Debug */ = {
			isa = XCBuildConfiguration;
			buildSettings = {
				ALWAYS_SEARCH_USER_PATHS = NO;
				CLANG_CXX_LANGUAGE_STANDARD = "gnu++0x";
				CLANG_CXX_LIBRARY = "libc++";
				CLANG_ENABLE_MODULES = YES;
				CLANG_ENABLE_OBJC_ARC = YES;
				CLANG_WARN_BLOCK_CAPTURE_AUTORELEASING = YES;
				CLANG_WARN_BOOL_CONVERSION = YES;
				CLANG_WARN_COMMA = YES;
				CLANG_WARN_CONSTANT_CONVERSION = YES;
				CLANG_WARN_DEPRECATED_OBJC_IMPLEMENTATIONS = YES;
				CLANG_WARN_DIRECT_OBJC_ISA_USAGE = YES_ERROR;
				CLANG_WARN_EMPTY_BODY = YES;
				CLANG_WARN_ENUM_CONVERSION = YES;
				CLANG_WARN_INFINITE_RECURSION = YES;
				CLANG_WARN_INT_CONVERSION = YES;
				CLANG_WARN_NON_LITERAL_NULL_CONVERSION = YES;
				CLANG_WARN_OBJC_IMPLICIT_RETAIN_SELF = YES;
				CLANG_WARN_OBJC_LITERAL_CONVERSION = YES;
				CLANG_WARN_OBJC_ROOT_CLASS = YES_ERROR;
				CLANG_WARN_RANGE_LOOP_ANALYSIS = YES;
				CLANG_WARN_STRICT_PROTOTYPES = YES;
				CLANG_WARN_SUSPICIOUS_MOVE = YES;
				CLANG_WARN_UNREACHABLE_CODE = YES;
				CLANG_WARN__DUPLICATE_METHOD_MATCH = YES;
				"CODE_SIGN_IDENTITY[sdk=iphoneos*]" = "iPhone Developer";
				COPY_PHASE_STRIP = NO;
				DEBUG_INFORMATION_FORMAT = dwarf;
				ENABLE_STRICT_OBJC_MSGSEND = YES;
				ENABLE_TESTABILITY = YES;
				GCC_C_LANGUAGE_STANDARD = gnu99;
				GCC_DYNAMIC_NO_PIC = NO;
				GCC_NO_COMMON_BLOCKS = YES;
				GCC_OPTIMIZATION_LEVEL = 0;
				GCC_PREPROCESSOR_DEFINITIONS = (
					"DEBUG=1",
					"$(inherited)",
				);
				GCC_WARN_64_TO_32_BIT_CONVERSION = YES;
				GCC_WARN_ABOUT_RETURN_TYPE = YES_ERROR;
				GCC_WARN_UNDECLARED_SELECTOR = YES;
				GCC_WARN_UNINITIALIZED_AUTOS = YES_AGGRESSIVE;
				GCC_WARN_UNUSED_FUNCTION = YES;
				GCC_WARN_UNUSED_VARIABLE = YES;
				IPHONEOS_DEPLOYMENT_TARGET = 9.2;
				MTL_ENABLE_DEBUG_INFO = YES;
				ONLY_ACTIVE_ARCH = YES;
				SDKROOT = iphoneos;
				SWIFT_OBJC_BRIDGING_HEADER = "";
				SWIFT_OPTIMIZATION_LEVEL = "-Onone";
				TARGETED_DEVICE_FAMILY = 2;
			};
			name = Debug;
		};
		1F78E7A91C3B469300221927 /* Release */ = {
			isa = XCBuildConfiguration;
			buildSettings = {
				ALWAYS_SEARCH_USER_PATHS = NO;
				CLANG_CXX_LANGUAGE_STANDARD = "gnu++0x";
				CLANG_CXX_LIBRARY = "libc++";
				CLANG_ENABLE_MODULES = YES;
				CLANG_ENABLE_OBJC_ARC = YES;
				CLANG_WARN_BLOCK_CAPTURE_AUTORELEASING = YES;
				CLANG_WARN_BOOL_CONVERSION = YES;
				CLANG_WARN_COMMA = YES;
				CLANG_WARN_CONSTANT_CONVERSION = YES;
				CLANG_WARN_DEPRECATED_OBJC_IMPLEMENTATIONS = YES;
				CLANG_WARN_DIRECT_OBJC_ISA_USAGE = YES_ERROR;
				CLANG_WARN_EMPTY_BODY = YES;
				CLANG_WARN_ENUM_CONVERSION = YES;
				CLANG_WARN_INFINITE_RECURSION = YES;
				CLANG_WARN_INT_CONVERSION = YES;
				CLANG_WARN_NON_LITERAL_NULL_CONVERSION = YES;
				CLANG_WARN_OBJC_IMPLICIT_RETAIN_SELF = YES;
				CLANG_WARN_OBJC_LITERAL_CONVERSION = YES;
				CLANG_WARN_OBJC_ROOT_CLASS = YES_ERROR;
				CLANG_WARN_RANGE_LOOP_ANALYSIS = YES;
				CLANG_WARN_STRICT_PROTOTYPES = YES;
				CLANG_WARN_SUSPICIOUS_MOVE = YES;
				CLANG_WARN_UNREACHABLE_CODE = YES;
				CLANG_WARN__DUPLICATE_METHOD_MATCH = YES;
				"CODE_SIGN_IDENTITY[sdk=iphoneos*]" = "iPhone Distribution: Donna Kampmeier (3T77TK2ECU)";
				COPY_PHASE_STRIP = NO;
				DEBUG_INFORMATION_FORMAT = "dwarf-with-dsym";
				ENABLE_NS_ASSERTIONS = NO;
				ENABLE_STRICT_OBJC_MSGSEND = YES;
				GCC_C_LANGUAGE_STANDARD = gnu99;
				GCC_NO_COMMON_BLOCKS = YES;
				GCC_WARN_64_TO_32_BIT_CONVERSION = YES;
				GCC_WARN_ABOUT_RETURN_TYPE = YES_ERROR;
				GCC_WARN_UNDECLARED_SELECTOR = YES;
				GCC_WARN_UNINITIALIZED_AUTOS = YES_AGGRESSIVE;
				GCC_WARN_UNUSED_FUNCTION = YES;
				GCC_WARN_UNUSED_VARIABLE = YES;
				IPHONEOS_DEPLOYMENT_TARGET = 9.2;
				MTL_ENABLE_DEBUG_INFO = NO;
				SDKROOT = iphoneos;
				SWIFT_OBJC_BRIDGING_HEADER = "";
				SWIFT_OPTIMIZATION_LEVEL = "-Owholemodule";
				TARGETED_DEVICE_FAMILY = 2;
				VALIDATE_PRODUCT = YES;
			};
			name = Release;
		};
		1F78E7AB1C3B469300221927 /* Debug */ = {
			isa = XCBuildConfiguration;
			baseConfigurationReference = 789856AA1C2E7793DD302784 /* Pods-FRC Advanced Scouting Touchstone.debug.xcconfig */;
			buildSettings = {
				ALWAYS_EMBED_SWIFT_STANDARD_LIBRARIES = "$(inherited)";
				ASSETCATALOG_COMPILER_APPICON_NAME = AppIcon;
				CLANG_ENABLE_MODULES = YES;
				CODE_SIGN_ENTITLEMENTS = "FRC Advanced Scouting Touchstone.entitlements";
				CODE_SIGN_IDENTITY = "iPhone Developer";
				"CODE_SIGN_IDENTITY[sdk=iphoneos*]" = "iPhone Developer";
				CODE_SIGN_STYLE = Automatic;
				DEBUG_INFORMATION_FORMAT = "dwarf-with-dsym";
				DEVELOPMENT_TEAM = 3T77TK2ECU;
				ENABLE_BITCODE = NO;
				FRAMEWORK_SEARCH_PATHS = (
					"$(inherited)",
					"$(PROJECT_DIR)",
					"$(PROJECT_DIR)/build/Debug-iphoneos",
				);
				INFOPLIST_FILE = "FRC Advanced Scouting Telemetrics/Info.plist";
				IPHONEOS_DEPLOYMENT_TARGET = 11.0;
				LD_RUNPATH_SEARCH_PATHS = "$(inherited) @executable_path/Frameworks";
				MAPC_NO_WARNINGS = NO;
				MARKETING_VERSION = 5.0.0;
				MOMC_NO_INVERSE_RELATIONSHIP_WARNINGS = YES;
				OTHER_CFLAGS = (
					"$(inherited)",
					"-iquote",
					"\"$CONFIGURATION_BUILD_DIR/Alamofire.framework/Headers\"",
					"-iquote",
					"\"$CONFIGURATION_BUILD_DIR/Ensembles.framework/Headers\"",
					"-iquote",
					"\"$CONFIGURATION_BUILD_DIR/SSZipArchive.framework/Headers\"",
				);
				OTHER_SWIFT_FLAGS = "$(inherited) \"-D\" \"COCOAPODS\"";
				PRODUCT_BUNDLE_IDENTIFIER = "com.kampmeier.FRC-Advanced-Scouting-Touchstone";
				PRODUCT_NAME = "FRC Advanced Scouting Touchstone";
				PROVISIONING_PROFILE = "";
				PROVISIONING_PROFILE_SPECIFIER = "";
				SWIFT_OBJC_BRIDGING_HEADER = "";
				SWIFT_OPTIMIZATION_LEVEL = "-Onone";
				SWIFT_SWIFT3_OBJC_INFERENCE = Default;
				SWIFT_VERSION = 4.0;
				TARGETED_DEVICE_FAMILY = "1,2";
				VERSIONING_SYSTEM = "apple-generic";
			};
			name = Debug;
		};
		1F78E7AC1C3B469300221927 /* Release */ = {
			isa = XCBuildConfiguration;
			baseConfigurationReference = D1EBA735BA885680C38C6749 /* Pods-FRC Advanced Scouting Touchstone.release.xcconfig */;
			buildSettings = {
				ALWAYS_EMBED_SWIFT_STANDARD_LIBRARIES = "$(inherited)";
				ASSETCATALOG_COMPILER_APPICON_NAME = AppIcon;
				CLANG_ENABLE_MODULES = YES;
				CODE_SIGN_ENTITLEMENTS = "FRC Advanced Scouting Touchstone.entitlements";
				CODE_SIGN_IDENTITY = "iPhone Developer";
				"CODE_SIGN_IDENTITY[sdk=iphoneos*]" = "iPhone Developer";
				CODE_SIGN_STYLE = Automatic;
				DEVELOPMENT_TEAM = 3T77TK2ECU;
				ENABLE_BITCODE = YES;
				FRAMEWORK_SEARCH_PATHS = (
					"$(inherited)",
					"$(PROJECT_DIR)",
					"$(PROJECT_DIR)/build/Debug-iphoneos",
				);
				INFOPLIST_FILE = "FRC Advanced Scouting Telemetrics/Info.plist";
				IPHONEOS_DEPLOYMENT_TARGET = 11.0;
				LD_RUNPATH_SEARCH_PATHS = "$(inherited) @executable_path/Frameworks";
				MARKETING_VERSION = 5.0.0;
				MOMC_NO_INVERSE_RELATIONSHIP_WARNINGS = NO;
				OTHER_CFLAGS = (
					"$(inherited)",
					"-iquote",
					"\"$CONFIGURATION_BUILD_DIR/Alamofire.framework/Headers\"",
					"-iquote",
					"\"$CONFIGURATION_BUILD_DIR/Ensembles.framework/Headers\"",
					"-iquote",
					"\"$CONFIGURATION_BUILD_DIR/SSZipArchive.framework/Headers\"",
				);
				OTHER_SWIFT_FLAGS = "$(inherited) \"-D\" \"COCOAPODS\"";
				PRODUCT_BUNDLE_IDENTIFIER = "com.kampmeier.FRC-Advanced-Scouting-Touchstone";
				PRODUCT_NAME = "FRC Advanced Scouting Touchstone";
				PROVISIONING_PROFILE = "";
				PROVISIONING_PROFILE_SPECIFIER = "";
				SWIFT_OBJC_BRIDGING_HEADER = "";
				SWIFT_SWIFT3_OBJC_INFERENCE = Default;
				SWIFT_VERSION = 4.0;
				TARGETED_DEVICE_FAMILY = "1,2";
				VERSIONING_SYSTEM = "apple-generic";
			};
			name = Release;
		};
		1F78E7AE1C3B469300221927 /* Debug */ = {
			isa = XCBuildConfiguration;
			buildSettings = {
				BUNDLE_LOADER = "$(TEST_HOST)";
				"CODE_SIGN_IDENTITY[sdk=iphoneos*]" = "iPhone Developer";
				DEVELOPMENT_TEAM = 3T77TK2ECU;
				FRAMEWORK_SEARCH_PATHS = "$(inherited)";
				INFOPLIST_FILE = "FRC Advanced Scouting TelemetricsTests/Info.plist";
				LD_RUNPATH_SEARCH_PATHS = "$(inherited) @executable_path/Frameworks @loader_path/Frameworks";
				PRODUCT_BUNDLE_IDENTIFIER = "com.kampmeier.FRC-Advanced-Scouting-TouchstoneTests";
				PRODUCT_NAME = "FRC Advanced Scouting Touchstone Tests";
				SWIFT_OBJC_BRIDGING_HEADER = "";
				SWIFT_SWIFT3_OBJC_INFERENCE = On;
				SWIFT_VERSION = 4.0;
				TEST_HOST = "$(BUILT_PRODUCTS_DIR)/FRC Advanced Scouting Touchstone.app/FRC Advanced Scouting Touchstone";
			};
			name = Debug;
		};
		1F78E7AF1C3B469300221927 /* Release */ = {
			isa = XCBuildConfiguration;
			buildSettings = {
				BUNDLE_LOADER = "$(TEST_HOST)";
				"CODE_SIGN_IDENTITY[sdk=iphoneos*]" = "iPhone Developer";
				DEVELOPMENT_TEAM = "";
				FRAMEWORK_SEARCH_PATHS = "$(inherited)";
				INFOPLIST_FILE = "FRC Advanced Scouting TelemetricsTests/Info.plist";
				LD_RUNPATH_SEARCH_PATHS = "$(inherited) @executable_path/Frameworks @loader_path/Frameworks";
				PRODUCT_BUNDLE_IDENTIFIER = "com.kampmeier.FRC-Advanced-Scouting-TouchstoneTests";
				PRODUCT_NAME = "FRC Advanced Scouting Touchstone Tests";
				SWIFT_OBJC_BRIDGING_HEADER = "";
				SWIFT_SWIFT3_OBJC_INFERENCE = On;
				SWIFT_VERSION = 4.0;
				TEST_HOST = "$(BUILT_PRODUCTS_DIR)/FRC Advanced Scouting Touchstone.app/FRC Advanced Scouting Touchstone";
			};
			name = Release;
		};
		1F78E7B11C3B469300221927 /* Debug */ = {
			isa = XCBuildConfiguration;
			buildSettings = {
				INFOPLIST_FILE = "FRC Advanced Scouting TelemetricsUITests/Info.plist";
				LD_RUNPATH_SEARCH_PATHS = "$(inherited) @executable_path/Frameworks @loader_path/Frameworks";
				PRODUCT_BUNDLE_IDENTIFIER = "com.kampmeier.FRC-Advanced-Scouting-TouchstoneUITests";
				PRODUCT_NAME = "FRC Advanced Scouting Touchstone UI Tests";
				SWIFT_OBJC_BRIDGING_HEADER = "";
				SWIFT_SWIFT3_OBJC_INFERENCE = On;
				SWIFT_VERSION = 4.0;
				TEST_TARGET_NAME = "FRC Advanced Scouting Telemetrics";
				USES_XCTRUNNER = YES;
			};
			name = Debug;
		};
		1F78E7B21C3B469300221927 /* Release */ = {
			isa = XCBuildConfiguration;
			buildSettings = {
				INFOPLIST_FILE = "FRC Advanced Scouting TelemetricsUITests/Info.plist";
				LD_RUNPATH_SEARCH_PATHS = "$(inherited) @executable_path/Frameworks @loader_path/Frameworks";
				PRODUCT_BUNDLE_IDENTIFIER = "com.kampmeier.FRC-Advanced-Scouting-TouchstoneUITests";
				PRODUCT_NAME = "FRC Advanced Scouting Touchstone UI Tests";
				SWIFT_OBJC_BRIDGING_HEADER = "";
				SWIFT_SWIFT3_OBJC_INFERENCE = On;
				SWIFT_VERSION = 4.0;
				TEST_TARGET_NAME = "FRC Advanced Scouting Telemetrics";
				USES_XCTRUNNER = YES;
			};
			name = Release;
		};
/* End XCBuildConfiguration section */

/* Begin XCConfigurationList section */
		1F78E77A1C3B469300221927 /* Build configuration list for PBXProject "FRC Advanced Scouting Touchstone" */ = {
			isa = XCConfigurationList;
			buildConfigurations = (
				1F78E7A81C3B469300221927 /* Debug */,
				1F78E7A91C3B469300221927 /* Release */,
			);
			defaultConfigurationIsVisible = 0;
			defaultConfigurationName = Release;
		};
		1F78E7AA1C3B469300221927 /* Build configuration list for PBXNativeTarget "FRC Advanced Scouting Touchstone" */ = {
			isa = XCConfigurationList;
			buildConfigurations = (
				1F78E7AB1C3B469300221927 /* Debug */,
				1F78E7AC1C3B469300221927 /* Release */,
			);
			defaultConfigurationIsVisible = 0;
			defaultConfigurationName = Release;
		};
		1F78E7AD1C3B469300221927 /* Build configuration list for PBXNativeTarget "FRC Advanced Scouting TouchstoneTests" */ = {
			isa = XCConfigurationList;
			buildConfigurations = (
				1F78E7AE1C3B469300221927 /* Debug */,
				1F78E7AF1C3B469300221927 /* Release */,
			);
			defaultConfigurationIsVisible = 0;
			defaultConfigurationName = Release;
		};
		1F78E7B01C3B469300221927 /* Build configuration list for PBXNativeTarget "FRC Advanced Scouting TouchstoneUITests" */ = {
			isa = XCConfigurationList;
			buildConfigurations = (
				1F78E7B11C3B469300221927 /* Debug */,
				1F78E7B21C3B469300221927 /* Release */,
			);
			defaultConfigurationIsVisible = 0;
			defaultConfigurationName = Release;
		};
/* End XCConfigurationList section */
	};
	rootObject = 1F78E7771C3B469300221927 /* Project object */;
}
